// !$*UTF8*$!
{
	archiveVersion = 1;
	classes = {
	};
	objectVersion = 50;
	objects = {

/* Begin PBXBuildFile section */
		4324730E259D430D00A6DD86 /* AFPanGestureRecognizer.swift in Sources */ = {isa = PBXBuildFile; fileRef = 4324730D259D430C00A6DD86 /* AFPanGestureRecognizer.swift */; };
		4324730F259D430D00A6DD86 /* AFPanGestureRecognizer.swift in Sources */ = {isa = PBXBuildFile; fileRef = 4324730D259D430C00A6DD86 /* AFPanGestureRecognizer.swift */; };
		84070C5924FF5D5900E572E7 /* ChannelCollectionViewItem.swift in Sources */ = {isa = PBXBuildFile; fileRef = 84070C5124FF5D5900E572E7 /* ChannelCollectionViewItem.swift */; };
		84070C5A24FF5D5900E572E7 /* ChannelRouter.swift in Sources */ = {isa = PBXBuildFile; fileRef = 84070C5224FF5D5900E572E7 /* ChannelRouter.swift */; };
		84070C5C24FF5D5900E572E7 /* ChannelCollectionViewItem.xib in Resources */ = {isa = PBXBuildFile; fileRef = 84070C5424FF5D5900E572E7 /* ChannelCollectionViewItem.xib */; };
		84070C5D24FF5D5900E572E7 /* ChannelDelegates.swift in Sources */ = {isa = PBXBuildFile; fileRef = 84070C5524FF5D5900E572E7 /* ChannelDelegates.swift */; };
		84070C5E24FF5D5900E572E7 /* MixerViewController.swift in Sources */ = {isa = PBXBuildFile; fileRef = 84070C5624FF5D5900E572E7 /* MixerViewController.swift */; };
		8413ADA4258BBE6500816089 /* AudioFormatViewController.swift in Sources */ = {isa = PBXBuildFile; fileRef = 8413ADA2258BBE6500816089 /* AudioFormatViewController.swift */; };
		8413ADA5258BBE6500816089 /* AudioFormatViewController.swift in Sources */ = {isa = PBXBuildFile; fileRef = 8413ADA2258BBE6500816089 /* AudioFormatViewController.swift */; };
		8413ADA6258BBE6500816089 /* AudioFormatViewController.swift in Sources */ = {isa = PBXBuildFile; fileRef = 8413ADA2258BBE6500816089 /* AudioFormatViewController.swift */; };
		8413ADA7258BBE6500816089 /* AudioFormatViewController.swift in Sources */ = {isa = PBXBuildFile; fileRef = 8413ADA2258BBE6500816089 /* AudioFormatViewController.swift */; };
		8413ADA8258BBE6500816089 /* AudioFormatViewController.xib in Resources */ = {isa = PBXBuildFile; fileRef = 8413ADA3258BBE6500816089 /* AudioFormatViewController.xib */; };
		8413ADA9258BBE6500816089 /* AudioFormatViewController.xib in Resources */ = {isa = PBXBuildFile; fileRef = 8413ADA3258BBE6500816089 /* AudioFormatViewController.xib */; };
		8413ADAA258BBE6500816089 /* AudioFormatViewController.xib in Resources */ = {isa = PBXBuildFile; fileRef = 8413ADA3258BBE6500816089 /* AudioFormatViewController.xib */; };
		8413ADAB258BBE6500816089 /* AudioFormatViewController.xib in Resources */ = {isa = PBXBuildFile; fileRef = 8413ADA3258BBE6500816089 /* AudioFormatViewController.xib */; };
		841BFE6D2526B8A000FA0276 /* VUMeterView.swift in Sources */ = {isa = PBXBuildFile; fileRef = 841BFE6C2526B8A000FA0276 /* VUMeterView.swift */; };
		841BFE6E2526B8A000FA0276 /* VUMeterView.swift in Sources */ = {isa = PBXBuildFile; fileRef = 841BFE6C2526B8A000FA0276 /* VUMeterView.swift */; };
		841D0A7A24FED209008F6305 /* AudioFileConverter.swift in Sources */ = {isa = PBXBuildFile; fileRef = 841D0A7824FED209008F6305 /* AudioFileConverter.swift */; };
		841D0A7C24FED216008F6305 /* AudioFileConverter.swift in Sources */ = {isa = PBXBuildFile; fileRef = 841D0A7824FED209008F6305 /* AudioFileConverter.swift */; };
		841D0A8624FED796008F6305 /* AudioControllerDelegate.swift in Sources */ = {isa = PBXBuildFile; fileRef = 841D0A8524FED796008F6305 /* AudioControllerDelegate.swift */; };
		841E57D3251C262F009B7E7C /* MidiAudioExporter.swift in Sources */ = {isa = PBXBuildFile; fileRef = 841E57D2251C262F009B7E7C /* MidiAudioExporter.swift */; };
		841E57D4251C262F009B7E7C /* MidiAudioExporter.swift in Sources */ = {isa = PBXBuildFile; fileRef = 841E57D2251C262F009B7E7C /* MidiAudioExporter.swift */; };
		841E57D5251C262F009B7E7C /* MidiAudioExporter.swift in Sources */ = {isa = PBXBuildFile; fileRef = 841E57D2251C262F009B7E7C /* MidiAudioExporter.swift */; };
		841E57D6251C262F009B7E7C /* MidiAudioExporter.swift in Sources */ = {isa = PBXBuildFile; fileRef = 841E57D2251C262F009B7E7C /* MidiAudioExporter.swift */; };
		841E57FD251D9D11009B7E7C /* StemCreatorViewController.swift in Sources */ = {isa = PBXBuildFile; fileRef = 841E57FB251D9D11009B7E7C /* StemCreatorViewController.swift */; };
		841E57FE251D9D11009B7E7C /* StemCreatorViewController.swift in Sources */ = {isa = PBXBuildFile; fileRef = 841E57FB251D9D11009B7E7C /* StemCreatorViewController.swift */; };
		84227223254A4FFE0096099D /* MessageHandler.swift in Sources */ = {isa = PBXBuildFile; fileRef = 84227222254A4FFE0096099D /* MessageHandler.swift */; };
		84227224254A4FFE0096099D /* MessageHandler.swift in Sources */ = {isa = PBXBuildFile; fileRef = 84227222254A4FFE0096099D /* MessageHandler.swift */; };
		842369B224FEC2BC001266BE /* AudioFramework.framework in Frameworks */ = {isa = PBXBuildFile; fileRef = 842369A824FEC2BC001266BE /* AudioFramework.framework */; };
		842369B724FEC2BC001266BE /* AudioFrameworkTests.swift in Sources */ = {isa = PBXBuildFile; fileRef = 842369B624FEC2BC001266BE /* AudioFrameworkTests.swift */; };
		842369B924FEC2BC001266BE /* AudioFramework.h in Headers */ = {isa = PBXBuildFile; fileRef = 842369AB24FEC2BC001266BE /* AudioFramework.h */; settings = {ATTRIBUTES = (Public, ); }; };
		842369E924FEC44C001266BE /* AudioComponentDescriptionExtension.swift in Sources */ = {isa = PBXBuildFile; fileRef = 842369CA24FEC44C001266BE /* AudioComponentDescriptionExtension.swift */; };
		842369F524FEC44C001266BE /* AudioController.swift in Sources */ = {isa = PBXBuildFile; fileRef = 842369D224FEC44C001266BE /* AudioController.swift */; };
		842369F624FEC44C001266BE /* AudioController.swift in Sources */ = {isa = PBXBuildFile; fileRef = 842369D224FEC44C001266BE /* AudioController.swift */; };
		842369F724FEC44C001266BE /* PluginData.swift in Sources */ = {isa = PBXBuildFile; fileRef = 842369D424FEC44C001266BE /* PluginData.swift */; };
		842369F824FEC44C001266BE /* PluginData.swift in Sources */ = {isa = PBXBuildFile; fileRef = 842369D424FEC44C001266BE /* PluginData.swift */; };
		8429DB65251FAA7600ADE7B0 /* StemRowView.swift in Sources */ = {isa = PBXBuildFile; fileRef = 8429DB64251FAA7600ADE7B0 /* StemRowView.swift */; };
		8429DB66251FAA7600ADE7B0 /* StemRowView.swift in Sources */ = {isa = PBXBuildFile; fileRef = 8429DB64251FAA7600ADE7B0 /* StemRowView.swift */; };
		8429DB6A251FB36600ADE7B0 /* StemCell.swift in Sources */ = {isa = PBXBuildFile; fileRef = 8429DB69251FB36600ADE7B0 /* StemCell.swift */; };
		8429DB6B251FB36600ADE7B0 /* StemCell.swift in Sources */ = {isa = PBXBuildFile; fileRef = 8429DB69251FB36600ADE7B0 /* StemCell.swift */; };
		8429DB8F25200D0700ADE7B0 /* AudioFramework.framework in Embed Frameworks */ = {isa = PBXBuildFile; fileRef = 842369A824FEC2BC001266BE /* AudioFramework.framework */; settings = {ATTRIBUTES = (CodeSignOnCopy, RemoveHeadersOnCopy, ); }; };
		8429DB90252011EA00ADE7B0 /* StemCreator.swift in Sources */ = {isa = PBXBuildFile; fileRef = 8429DB7D2520011B00ADE7B0 /* StemCreator.swift */; };
		8429DB91252011EC00ADE7B0 /* StemCreator.swift in Sources */ = {isa = PBXBuildFile; fileRef = 8429DB7D2520011B00ADE7B0 /* StemCreator.swift */; };
		8429DB95252017AD00ADE7B0 /* StemCreatorViewController.xib in Resources */ = {isa = PBXBuildFile; fileRef = 8429DB94252017AD00ADE7B0 /* StemCreatorViewController.xib */; };
		8429DB96252017AD00ADE7B0 /* StemCreatorViewController.xib in Resources */ = {isa = PBXBuildFile; fileRef = 8429DB94252017AD00ADE7B0 /* StemCreatorViewController.xib */; };
		8429DB97252017AD00ADE7B0 /* StemCreatorViewController.xib in Resources */ = {isa = PBXBuildFile; fileRef = 8429DB94252017AD00ADE7B0 /* StemCreatorViewController.xib */; };
		8429DB98252017AD00ADE7B0 /* StemCreatorViewController.xib in Resources */ = {isa = PBXBuildFile; fileRef = 8429DB94252017AD00ADE7B0 /* StemCreatorViewController.xib */; };
		843D4189251E661200E57CF5 /* AppDelegate.swift in Sources */ = {isa = PBXBuildFile; fileRef = 84ACE02725191008003963FD /* AppDelegate.swift */; };
		843FD47525068E9200189936 /* ChannelController.swift in Sources */ = {isa = PBXBuildFile; fileRef = 843FD47425068E9200189936 /* ChannelController.swift */; };
		843FD4822506A3B500189936 /* AudioModel.swift in Sources */ = {isa = PBXBuildFile; fileRef = 843FD4812506A3B500189936 /* AudioModel.swift */; };
		843FD4832506A3B500189936 /* AudioModel.swift in Sources */ = {isa = PBXBuildFile; fileRef = 843FD4812506A3B500189936 /* AudioModel.swift */; };
		84529AC5254782D2007BDA32 /* NotificationExtension.swift in Sources */ = {isa = PBXBuildFile; fileRef = 849C6B8B251A66FF00164DE1 /* NotificationExtension.swift */; };
		8454F46D25A66BF70027EF7B /* FakeAudioControllerDelegate.swift in Sources */ = {isa = PBXBuildFile; fileRef = 849216BA253A74DB005982C3 /* FakeAudioControllerDelegate.swift */; };
		8454F46E25A66BF70027EF7B /* PluginDataTest.swift in Sources */ = {isa = PBXBuildFile; fileRef = 846D647F253E2E630097F345 /* PluginDataTest.swift */; };
		8454F46F25A66BF70027EF7B /* FakeChannelControllerDelegate.swift in Sources */ = {isa = PBXBuildFile; fileRef = 849216BC253A86DC005982C3 /* FakeChannelControllerDelegate.swift */; };
		8454F47025A66BF70027EF7B /* FakeMusicalContext.swift in Sources */ = {isa = PBXBuildFile; fileRef = 849216BE253A8848005982C3 /* FakeMusicalContext.swift */; };
		8454F47125A66BF70027EF7B /* ChannelControllerTest.swift in Sources */ = {isa = PBXBuildFile; fileRef = 849216B4253A725B005982C3 /* ChannelControllerTest.swift */; };
		8454F47225A66BF70027EF7B /* ChannelModelTest.swift in Sources */ = {isa = PBXBuildFile; fileRef = 8480DAFB2530FFE800A40CEB /* ChannelModelTest.swift */; };
		8454F47C25A66D160027EF7B /* BeatToolsTest.swift in Sources */ = {isa = PBXBuildFile; fileRef = 84F3D13F25420B0F001E7ABD /* BeatToolsTest.swift */; };
		8454F48325A66D1D0027EF7B /* FakeBeatDelegate.swift in Sources */ = {isa = PBXBuildFile; fileRef = 84F3D14125420B3E001E7ABD /* FakeBeatDelegate.swift */; };
		8454F48425A66D1D0027EF7B /* BeatGeneratorTest.swift in Sources */ = {isa = PBXBuildFile; fileRef = 845900C82543BA6700410584 /* BeatGeneratorTest.swift */; };
		8454F48B25A66D290027EF7B /* AudioFormatTest.swift in Sources */ = {isa = PBXBuildFile; fileRef = 84302934258558CC005913A8 /* AudioFormatTest.swift */; };
		845900E0254510D600410584 /* TestTest.swift in Sources */ = {isa = PBXBuildFile; fileRef = 845900DF254510D600410584 /* TestTest.swift */; };
		8459589B251436F20091A43E /* SendData.swift in Sources */ = {isa = PBXBuildFile; fileRef = 8459589A251436F20091A43E /* SendData.swift */; };
		8459589C251436F20091A43E /* SendData.swift in Sources */ = {isa = PBXBuildFile; fileRef = 8459589A251436F20091A43E /* SendData.swift */; };
		8460307B250803FA00CB9844 /* ChannelModel.swift in Sources */ = {isa = PBXBuildFile; fileRef = 8460307A250803FA00CB9844 /* ChannelModel.swift */; };
		8461C116252EA6A000147933 /* AudioUnitGenericWindow.swift in Sources */ = {isa = PBXBuildFile; fileRef = 8461C115252EA6A000147933 /* AudioUnitGenericWindow.swift */; };
		8461C117252EA6A000147933 /* AudioUnitGenericWindow.swift in Sources */ = {isa = PBXBuildFile; fileRef = 8461C115252EA6A000147933 /* AudioUnitGenericWindow.swift */; };
		8461C119252EA72400147933 /* AudioUnitGenericView.swift in Sources */ = {isa = PBXBuildFile; fileRef = 8461C118252EA72400147933 /* AudioUnitGenericView.swift */; };
		8461C11A252EA72400147933 /* AudioUnitGenericView.swift in Sources */ = {isa = PBXBuildFile; fileRef = 8461C118252EA72400147933 /* AudioUnitGenericView.swift */; };
		846A2D03258BE5DD00801C2F /* AudioFormatViewControllerDelegate.swift in Sources */ = {isa = PBXBuildFile; fileRef = 846A2D02258BE5DD00801C2F /* AudioFormatViewControllerDelegate.swift */; };
		846A2D04258BE5DD00801C2F /* AudioFormatViewControllerDelegate.swift in Sources */ = {isa = PBXBuildFile; fileRef = 846A2D02258BE5DD00801C2F /* AudioFormatViewControllerDelegate.swift */; };
		846A2D05258BE5DD00801C2F /* AudioFormatViewControllerDelegate.swift in Sources */ = {isa = PBXBuildFile; fileRef = 846A2D02258BE5DD00801C2F /* AudioFormatViewControllerDelegate.swift */; };
		846A2D06258BE5DD00801C2F /* AudioFormatViewControllerDelegate.swift in Sources */ = {isa = PBXBuildFile; fileRef = 846A2D02258BE5DD00801C2F /* AudioFormatViewControllerDelegate.swift */; };
		846A2D0D258D44EA00801C2F /* StemModelTest.swift in Sources */ = {isa = PBXBuildFile; fileRef = 84B6315225896C9700F06123 /* StemModelTest.swift */; };
		846A2D0E258D461E00801C2F /* StemCreatorModelTest.swift in Sources */ = {isa = PBXBuildFile; fileRef = 84ED7F702585AB44005A124F /* StemCreatorModelTest.swift */; };
		846D6487253E404F0097F345 /* BeatGenerator.swift in Sources */ = {isa = PBXBuildFile; fileRef = 846D6483253E404F0097F345 /* BeatGenerator.swift */; };
		846D6488253E404F0097F345 /* BeatGenerator.swift in Sources */ = {isa = PBXBuildFile; fileRef = 846D6483253E404F0097F345 /* BeatGenerator.swift */; };
		846D6489253E404F0097F345 /* BeatGeneratable.swift in Sources */ = {isa = PBXBuildFile; fileRef = 846D6484253E404F0097F345 /* BeatGeneratable.swift */; };
		846D648A253E404F0097F345 /* BeatGeneratable.swift in Sources */ = {isa = PBXBuildFile; fileRef = 846D6484253E404F0097F345 /* BeatGeneratable.swift */; };
		846D648B253E404F0097F345 /* BeatTools.swift in Sources */ = {isa = PBXBuildFile; fileRef = 846D6485253E404F0097F345 /* BeatTools.swift */; };
		846D648C253E404F0097F345 /* BeatTools.swift in Sources */ = {isa = PBXBuildFile; fileRef = 846D6485253E404F0097F345 /* BeatTools.swift */; };
		846D648D253E404F0097F345 /* BeatDelegate.swift in Sources */ = {isa = PBXBuildFile; fileRef = 846D6486253E404F0097F345 /* BeatDelegate.swift */; };
		846D648E253E404F0097F345 /* BeatDelegate.swift in Sources */ = {isa = PBXBuildFile; fileRef = 846D6486253E404F0097F345 /* BeatDelegate.swift */; };
		84789A2D2527B73C0012B8FD /* ButtonExtension.swift in Sources */ = {isa = PBXBuildFile; fileRef = 84789A2C2527B73C0012B8FD /* ButtonExtension.swift */; };
		84789A2E2527B73C0012B8FD /* ButtonExtension.swift in Sources */ = {isa = PBXBuildFile; fileRef = 84789A2C2527B73C0012B8FD /* ButtonExtension.swift */; };
		84789A352527B8AA0012B8FD /* DraggableButton.swift in Sources */ = {isa = PBXBuildFile; fileRef = 84789A342527B8AA0012B8FD /* DraggableButton.swift */; };
		84789A362527B8AA0012B8FD /* DraggableButton.swift in Sources */ = {isa = PBXBuildFile; fileRef = 84789A342527B8AA0012B8FD /* DraggableButton.swift */; };
		84789A532527F8C30012B8FD /* MixerViewController.xib in Resources */ = {isa = PBXBuildFile; fileRef = 84789A522527F8C30012B8FD /* MixerViewController.xib */; };
		84789A542527F8C30012B8FD /* MixerViewController.xib in Resources */ = {isa = PBXBuildFile; fileRef = 84789A522527F8C30012B8FD /* MixerViewController.xib */; };
		8479715624FFE66600AAC4A3 /* MixerFillView.swift in Sources */ = {isa = PBXBuildFile; fileRef = 8479715524FFE66600AAC4A3 /* MixerFillView.swift */; };
		8480DB082532161E00A40CEB /* PluginDisplayDelegate.swift in Sources */ = {isa = PBXBuildFile; fileRef = 8480DB072532161E00A40CEB /* PluginDisplayDelegate.swift */; };
		8480DB092532161E00A40CEB /* PluginDisplayDelegate.swift in Sources */ = {isa = PBXBuildFile; fileRef = 8480DB072532161E00A40CEB /* PluginDisplayDelegate.swift */; };
		8487F51925111FC1003DC1D6 /* AuxChannelController.swift in Sources */ = {isa = PBXBuildFile; fileRef = 8487F51825111FC1003DC1D6 /* AuxChannelController.swift */; };
		8487F51A25111FC1003DC1D6 /* AuxChannelController.swift in Sources */ = {isa = PBXBuildFile; fileRef = 8487F51825111FC1003DC1D6 /* AuxChannelController.swift */; };
		849216B6253A72AA005982C3 /* AudioNodeFactory.swift in Sources */ = {isa = PBXBuildFile; fileRef = 84A9CF57250D93D50065A7CC /* AudioNodeFactory.swift */; };
		849216B7253A72AA005982C3 /* AudioNodeFactory.swift in Sources */ = {isa = PBXBuildFile; fileRef = 84A9CF57250D93D50065A7CC /* AudioNodeFactory.swift */; };
		849216B8253A72BF005982C3 /* UltraMixerNode.swift in Sources */ = {isa = PBXBuildFile; fileRef = 8496444E252B86AE00C9802E /* UltraMixerNode.swift */; };
		849216B9253A72C0005982C3 /* UltraMixerNode.swift in Sources */ = {isa = PBXBuildFile; fileRef = 8496444E252B86AE00C9802E /* UltraMixerNode.swift */; };
		8493BD25256075BC00C55A49 /* StemDelegates.swift in Sources */ = {isa = PBXBuildFile; fileRef = 84D83D3A2548974E00CC1D51 /* StemDelegates.swift */; };
		8493BD26256075DC00C55A49 /* NotificationExtension.swift in Sources */ = {isa = PBXBuildFile; fileRef = 849C6B8B251A66FF00164DE1 /* NotificationExtension.swift */; };
		8493BD282560A96200C55A49 /* PulseGenerator.swift in Sources */ = {isa = PBXBuildFile; fileRef = 8493BD272560A96200C55A49 /* PulseGenerator.swift */; };
		8493BD292560A96200C55A49 /* PulseGenerator.swift in Sources */ = {isa = PBXBuildFile; fileRef = 8493BD272560A96200C55A49 /* PulseGenerator.swift */; };
		84951278252CC9D4008C5C47 /* PluginVC.swift in Sources */ = {isa = PBXBuildFile; fileRef = 84951276252CC9D4008C5C47 /* PluginVC.swift */; };
		84951279252CC9D4008C5C47 /* PluginVC.swift in Sources */ = {isa = PBXBuildFile; fileRef = 84951276252CC9D4008C5C47 /* PluginVC.swift */; };
		8495127A252CC9D4008C5C47 /* PluginVC.xib in Resources */ = {isa = PBXBuildFile; fileRef = 84951277252CC9D4008C5C47 /* PluginVC.xib */; };
		8495127B252CC9D4008C5C47 /* PluginVC.xib in Resources */ = {isa = PBXBuildFile; fileRef = 84951277252CC9D4008C5C47 /* PluginVC.xib */; };
		8495128C252CF2A7008C5C47 /* MusicalContext.swift in Sources */ = {isa = PBXBuildFile; fileRef = 8495128B252CF2A7008C5C47 /* MusicalContext.swift */; };
		8495128D252CF2A7008C5C47 /* MusicalContext.swift in Sources */ = {isa = PBXBuildFile; fileRef = 8495128B252CF2A7008C5C47 /* MusicalContext.swift */; };
		8496444F252B86AE00C9802E /* UltraMixerNode.swift in Sources */ = {isa = PBXBuildFile; fileRef = 8496444E252B86AE00C9802E /* UltraMixerNode.swift */; };
		84964450252B86AE00C9802E /* UltraMixerNode.swift in Sources */ = {isa = PBXBuildFile; fileRef = 8496444E252B86AE00C9802E /* UltraMixerNode.swift */; };
		849C6B89251A653300164DE1 /* Demo.swift in Sources */ = {isa = PBXBuildFile; fileRef = 849C6B88251A653300164DE1 /* Demo.swift */; };
		849C6B8A251A653300164DE1 /* Demo.swift in Sources */ = {isa = PBXBuildFile; fileRef = 849C6B88251A653300164DE1 /* Demo.swift */; };
		849C6B8C251A66FF00164DE1 /* NotificationExtension.swift in Sources */ = {isa = PBXBuildFile; fileRef = 849C6B8B251A66FF00164DE1 /* NotificationExtension.swift */; };
		849C6B8D251A66FF00164DE1 /* NotificationExtension.swift in Sources */ = {isa = PBXBuildFile; fileRef = 849C6B8B251A66FF00164DE1 /* NotificationExtension.swift */; };
		849C6B90251A712800164DE1 /* test.mid in Resources */ = {isa = PBXBuildFile; fileRef = 849C6B8F251A712800164DE1 /* test.mid */; };
		849C6B91251A712800164DE1 /* test.mid in Resources */ = {isa = PBXBuildFile; fileRef = 849C6B8F251A712800164DE1 /* test.mid */; };
		849C6B94251A9A6E00164DE1 /* test.mid in Resources */ = {isa = PBXBuildFile; fileRef = 849C6B8F251A712800164DE1 /* test.mid */; };
		84A9AFDF25101ED500816F7F /* ChannelCollectionViewItem.swift in Sources */ = {isa = PBXBuildFile; fileRef = 84070C5124FF5D5900E572E7 /* ChannelCollectionViewItem.swift */; };
		84A9AFE025101ED500816F7F /* ChannelCollectionViewItem.xib in Resources */ = {isa = PBXBuildFile; fileRef = 84070C5424FF5D5900E572E7 /* ChannelCollectionViewItem.xib */; };
		84A9AFE125101ED500816F7F /* ChannelController.swift in Sources */ = {isa = PBXBuildFile; fileRef = 843FD47425068E9200189936 /* ChannelController.swift */; };
		84A9AFE225101ED500816F7F /* InstrumentChannelController.swift in Sources */ = {isa = PBXBuildFile; fileRef = 84A9CF32250D4E5A0065A7CC /* InstrumentChannelController.swift */; };
		84A9AFE325101ED500816F7F /* MasterChannelController.swift in Sources */ = {isa = PBXBuildFile; fileRef = 84A9CF22250D35F70065A7CC /* MasterChannelController.swift */; };
		84A9AFE425101ED500816F7F /* ChannelModel.swift in Sources */ = {isa = PBXBuildFile; fileRef = 8460307A250803FA00CB9844 /* ChannelModel.swift */; };
		84A9AFE525101ED500816F7F /* ChannelRouter.swift in Sources */ = {isa = PBXBuildFile; fileRef = 84070C5224FF5D5900E572E7 /* ChannelRouter.swift */; };
		84A9AFE925101ED500816F7F /* ChannelDelegates.swift in Sources */ = {isa = PBXBuildFile; fileRef = 84070C5524FF5D5900E572E7 /* ChannelDelegates.swift */; };
		84A9AFEA25101ED500816F7F /* MixerFillView.swift in Sources */ = {isa = PBXBuildFile; fileRef = 8479715524FFE66600AAC4A3 /* MixerFillView.swift */; };
		84A9AFEB25101ED500816F7F /* MixerViewController.swift in Sources */ = {isa = PBXBuildFile; fileRef = 84070C5624FF5D5900E572E7 /* MixerViewController.swift */; };
		84A9AFEC25101EDB00816F7F /* AudioControllerDelegate.swift in Sources */ = {isa = PBXBuildFile; fileRef = 841D0A8524FED796008F6305 /* AudioControllerDelegate.swift */; };
		84A9CF23250D35F70065A7CC /* MasterChannelController.swift in Sources */ = {isa = PBXBuildFile; fileRef = 84A9CF22250D35F70065A7CC /* MasterChannelController.swift */; };
		84A9CF33250D4E5A0065A7CC /* InstrumentChannelController.swift in Sources */ = {isa = PBXBuildFile; fileRef = 84A9CF32250D4E5A0065A7CC /* InstrumentChannelController.swift */; };
		84A9CF58250D93D50065A7CC /* AudioNodeFactory.swift in Sources */ = {isa = PBXBuildFile; fileRef = 84A9CF57250D93D50065A7CC /* AudioNodeFactory.swift */; };
		84A9CF59250D93D50065A7CC /* AudioNodeFactory.swift in Sources */ = {isa = PBXBuildFile; fileRef = 84A9CF57250D93D50065A7CC /* AudioNodeFactory.swift */; };
		84ACDFDE25166219003963FD /* PluginSelection.swift in Sources */ = {isa = PBXBuildFile; fileRef = 84ACDFDD25166219003963FD /* PluginSelection.swift */; };
		84ACDFDF25166219003963FD /* PluginSelection.swift in Sources */ = {isa = PBXBuildFile; fileRef = 84ACDFDD25166219003963FD /* PluginSelection.swift */; };
		84ACE02825191008003963FD /* AppDelegate.swift in Sources */ = {isa = PBXBuildFile; fileRef = 84ACE02725191008003963FD /* AppDelegate.swift */; };
		84ACE02A25191008003963FD /* ViewController.swift in Sources */ = {isa = PBXBuildFile; fileRef = 84ACE02925191008003963FD /* ViewController.swift */; };
		84ACE02D25191008003963FD /* AudioFrameworkDemo.xcdatamodeld in Sources */ = {isa = PBXBuildFile; fileRef = 84ACE02B25191008003963FD /* AudioFrameworkDemo.xcdatamodeld */; };
		84ACE02F2519100B003963FD /* Assets.xcassets in Resources */ = {isa = PBXBuildFile; fileRef = 84ACE02E2519100B003963FD /* Assets.xcassets */; };
		84ACE0322519100B003963FD /* Main.storyboard in Resources */ = {isa = PBXBuildFile; fileRef = 84ACE0302519100B003963FD /* Main.storyboard */; };
		84ACE03E2519100B003963FD /* AudioFrameworkDemoTests.swift in Sources */ = {isa = PBXBuildFile; fileRef = 84ACE03D2519100B003963FD /* AudioFrameworkDemoTests.swift */; };
		84ACE047251910B4003963FD /* AudioFramework.framework in Frameworks */ = {isa = PBXBuildFile; fileRef = 842369A824FEC2BC001266BE /* AudioFramework.framework */; };
		84B6315425896CC800F06123 /* StemModel.swift in Sources */ = {isa = PBXBuildFile; fileRef = 84D0AB5D251EB9210093A081 /* StemModel.swift */; };
		84B6315525896CC800F06123 /* StemModel.swift in Sources */ = {isa = PBXBuildFile; fileRef = 84D0AB5D251EB9210093A081 /* StemModel.swift */; };
		84B631562589759500F06123 /* AudioFormat.swift in Sources */ = {isa = PBXBuildFile; fileRef = 84E7A24A258319C10089D527 /* AudioFormat.swift */; };
		84B63157258975AB00F06123 /* AudioFormat.swift in Sources */ = {isa = PBXBuildFile; fileRef = 84E7A24A258319C10089D527 /* AudioFormat.swift */; };
		84B631592589CA4900F06123 /* AudioFormatFactory.swift in Sources */ = {isa = PBXBuildFile; fileRef = 84B631582589CA4900F06123 /* AudioFormatFactory.swift */; };
		84B6315A2589CA4A00F06123 /* AudioFormatFactory.swift in Sources */ = {isa = PBXBuildFile; fileRef = 84B631582589CA4900F06123 /* AudioFormatFactory.swift */; };
		84B6315B2589CA4A00F06123 /* AudioFormatFactory.swift in Sources */ = {isa = PBXBuildFile; fileRef = 84B631582589CA4900F06123 /* AudioFormatFactory.swift */; };
		84B6315C2589CA4A00F06123 /* AudioFormatFactory.swift in Sources */ = {isa = PBXBuildFile; fileRef = 84B631582589CA4900F06123 /* AudioFormatFactory.swift */; };
		84B63163258AA58000F06123 /* AudioFormatView.swift in Sources */ = {isa = PBXBuildFile; fileRef = 84B63162258AA58000F06123 /* AudioFormatView.swift */; };
		84B63164258AA58000F06123 /* AudioFormatView.swift in Sources */ = {isa = PBXBuildFile; fileRef = 84B63162258AA58000F06123 /* AudioFormatView.swift */; };
		84B63165258AA58000F06123 /* AudioFormatView.swift in Sources */ = {isa = PBXBuildFile; fileRef = 84B63162258AA58000F06123 /* AudioFormatView.swift */; };
		84B63166258AA58000F06123 /* AudioFormatView.swift in Sources */ = {isa = PBXBuildFile; fileRef = 84B63162258AA58000F06123 /* AudioFormatView.swift */; };
		84D0AB5B251EB8DF0093A081 /* StemCreatorModel.swift in Sources */ = {isa = PBXBuildFile; fileRef = 84D0AB5A251EB8DF0093A081 /* StemCreatorModel.swift */; };
		84D0AB5C251EB8DF0093A081 /* StemCreatorModel.swift in Sources */ = {isa = PBXBuildFile; fileRef = 84D0AB5A251EB8DF0093A081 /* StemCreatorModel.swift */; };
		84D0AB5E251EB9210093A081 /* StemModel.swift in Sources */ = {isa = PBXBuildFile; fileRef = 84D0AB5D251EB9210093A081 /* StemModel.swift */; };
		84D0AB5F251EB9210093A081 /* StemModel.swift in Sources */ = {isa = PBXBuildFile; fileRef = 84D0AB5D251EB9210093A081 /* StemModel.swift */; };
		84D0AB6A251EDAD50093A081 /* AudioFileConverter.swift in Sources */ = {isa = PBXBuildFile; fileRef = 841D0A7824FED209008F6305 /* AudioFileConverter.swift */; };
		84D0AB6B251EDAD60093A081 /* AudioFileConverter.swift in Sources */ = {isa = PBXBuildFile; fileRef = 841D0A7824FED209008F6305 /* AudioFileConverter.swift */; };
		84D83D3B2548974E00CC1D51 /* StemDelegates.swift in Sources */ = {isa = PBXBuildFile; fileRef = 84D83D3A2548974E00CC1D51 /* StemDelegates.swift */; };
		84DF4105252FBC8E0084AE61 /* PluginFactory.swift in Sources */ = {isa = PBXBuildFile; fileRef = 84DF4104252FBC8E0084AE61 /* PluginFactory.swift */; };
		84DF4106252FBC8E0084AE61 /* PluginFactory.swift in Sources */ = {isa = PBXBuildFile; fileRef = 84DF4104252FBC8E0084AE61 /* PluginFactory.swift */; };
		84E7A24B258319C10089D527 /* AudioFormat.swift in Sources */ = {isa = PBXBuildFile; fileRef = 84E7A24A258319C10089D527 /* AudioFormat.swift */; };
		84E7A24C258319C10089D527 /* AudioFormat.swift in Sources */ = {isa = PBXBuildFile; fileRef = 84E7A24A258319C10089D527 /* AudioFormat.swift */; };
		84F3D119253F7122001E7ABD /* BeatInfoSource.swift in Sources */ = {isa = PBXBuildFile; fileRef = 84F3D118253F7122001E7ABD /* BeatInfoSource.swift */; };
		84F3D11A253F7122001E7ABD /* BeatInfoSource.swift in Sources */ = {isa = PBXBuildFile; fileRef = 84F3D118253F7122001E7ABD /* BeatInfoSource.swift */; };
		84F91DE7259250BE0039E4F6 /* StemRowView.swift in Sources */ = {isa = PBXBuildFile; fileRef = 8429DB64251FAA7600ADE7B0 /* StemRowView.swift */; };
		84F91DE8259250CF0039E4F6 /* StemDelegates.swift in Sources */ = {isa = PBXBuildFile; fileRef = 84D83D3A2548974E00CC1D51 /* StemDelegates.swift */; };
		84F91DE9259250DC0039E4F6 /* StemCell.swift in Sources */ = {isa = PBXBuildFile; fileRef = 8429DB69251FB36600ADE7B0 /* StemCell.swift */; };
/* End PBXBuildFile section */

/* Begin PBXContainerItemProxy section */
		842369B324FEC2BC001266BE /* PBXContainerItemProxy */ = {
			isa = PBXContainerItemProxy;
			containerPortal = 8423699F24FEC2BC001266BE /* Project object */;
			proxyType = 1;
			remoteGlobalIDString = 842369A724FEC2BC001266BE;
			remoteInfo = AudioFramework;
		};
		84ACE03A2519100B003963FD /* PBXContainerItemProxy */ = {
			isa = PBXContainerItemProxy;
			containerPortal = 8423699F24FEC2BC001266BE /* Project object */;
			proxyType = 1;
			remoteGlobalIDString = 84ACE02425191008003963FD;
			remoteInfo = AudioFrameworkDemo;
		};
		84ACE049251910B4003963FD /* PBXContainerItemProxy */ = {
			isa = PBXContainerItemProxy;
			containerPortal = 8423699F24FEC2BC001266BE /* Project object */;
			proxyType = 1;
			remoteGlobalIDString = 842369A724FEC2BC001266BE;
			remoteInfo = AudioFramework;
		};
/* End PBXContainerItemProxy section */

/* Begin PBXCopyFilesBuildPhase section */
		840D4B0C253777DA00E841F0 /* Embed App Extensions */ = {
			isa = PBXCopyFilesBuildPhase;
			buildActionMask = 2147483647;
			dstPath = "";
			dstSubfolderSpec = 13;
			files = (
			);
			name = "Embed App Extensions";
			runOnlyForDeploymentPostprocessing = 0;
		};
		84ACE04B251910B5003963FD /* Embed Frameworks */ = {
			isa = PBXCopyFilesBuildPhase;
			buildActionMask = 2147483647;
			dstPath = "";
			dstSubfolderSpec = 10;
			files = (
				8429DB8F25200D0700ADE7B0 /* AudioFramework.framework in Embed Frameworks */,
			);
			name = "Embed Frameworks";
			runOnlyForDeploymentPostprocessing = 0;
		};
/* End PBXCopyFilesBuildPhase section */

/* Begin PBXFileReference section */
		4324730D259D430C00A6DD86 /* AFPanGestureRecognizer.swift */ = {isa = PBXFileReference; lastKnownFileType = sourcecode.swift; path = AFPanGestureRecognizer.swift; sourceTree = "<group>"; };
		84070C5124FF5D5900E572E7 /* ChannelCollectionViewItem.swift */ = {isa = PBXFileReference; fileEncoding = 4; lastKnownFileType = sourcecode.swift; path = ChannelCollectionViewItem.swift; sourceTree = "<group>"; };
		84070C5224FF5D5900E572E7 /* ChannelRouter.swift */ = {isa = PBXFileReference; fileEncoding = 4; lastKnownFileType = sourcecode.swift; path = ChannelRouter.swift; sourceTree = "<group>"; };
		84070C5424FF5D5900E572E7 /* ChannelCollectionViewItem.xib */ = {isa = PBXFileReference; fileEncoding = 4; lastKnownFileType = file.xib; path = ChannelCollectionViewItem.xib; sourceTree = "<group>"; };
		84070C5524FF5D5900E572E7 /* ChannelDelegates.swift */ = {isa = PBXFileReference; fileEncoding = 4; lastKnownFileType = sourcecode.swift; path = ChannelDelegates.swift; sourceTree = "<group>"; };
		84070C5624FF5D5900E572E7 /* MixerViewController.swift */ = {isa = PBXFileReference; fileEncoding = 4; lastKnownFileType = sourcecode.swift; path = MixerViewController.swift; sourceTree = "<group>"; };
		840D4B0E2537849F00E841F0 /* AudioToolbox.framework */ = {isa = PBXFileReference; lastKnownFileType = wrapper.framework; name = AudioToolbox.framework; path = System/Library/Frameworks/AudioToolbox.framework; sourceTree = SDKROOT; };
		8413ADA2258BBE6500816089 /* AudioFormatViewController.swift */ = {isa = PBXFileReference; lastKnownFileType = sourcecode.swift; path = AudioFormatViewController.swift; sourceTree = "<group>"; };
		8413ADA3258BBE6500816089 /* AudioFormatViewController.xib */ = {isa = PBXFileReference; lastKnownFileType = file.xib; path = AudioFormatViewController.xib; sourceTree = "<group>"; };
		841BFE6C2526B8A000FA0276 /* VUMeterView.swift */ = {isa = PBXFileReference; lastKnownFileType = sourcecode.swift; path = VUMeterView.swift; sourceTree = "<group>"; };
		841D0A7824FED209008F6305 /* AudioFileConverter.swift */ = {isa = PBXFileReference; fileEncoding = 4; lastKnownFileType = sourcecode.swift; path = AudioFileConverter.swift; sourceTree = "<group>"; };
		841D0A8524FED796008F6305 /* AudioControllerDelegate.swift */ = {isa = PBXFileReference; lastKnownFileType = sourcecode.swift; path = AudioControllerDelegate.swift; sourceTree = "<group>"; };
		841E57D2251C262F009B7E7C /* MidiAudioExporter.swift */ = {isa = PBXFileReference; lastKnownFileType = sourcecode.swift; path = MidiAudioExporter.swift; sourceTree = "<group>"; };
		841E57FB251D9D11009B7E7C /* StemCreatorViewController.swift */ = {isa = PBXFileReference; lastKnownFileType = sourcecode.swift; path = StemCreatorViewController.swift; sourceTree = "<group>"; };
		84227222254A4FFE0096099D /* MessageHandler.swift */ = {isa = PBXFileReference; lastKnownFileType = sourcecode.swift; path = MessageHandler.swift; sourceTree = "<group>"; };
		842369A824FEC2BC001266BE /* AudioFramework.framework */ = {isa = PBXFileReference; explicitFileType = wrapper.framework; includeInIndex = 0; path = AudioFramework.framework; sourceTree = BUILT_PRODUCTS_DIR; };
		842369AB24FEC2BC001266BE /* AudioFramework.h */ = {isa = PBXFileReference; lastKnownFileType = sourcecode.c.h; path = AudioFramework.h; sourceTree = "<group>"; };
		842369AC24FEC2BC001266BE /* Info.plist */ = {isa = PBXFileReference; lastKnownFileType = text.plist.xml; path = Info.plist; sourceTree = "<group>"; };
		842369B124FEC2BC001266BE /* AudioFrameworkTests.xctest */ = {isa = PBXFileReference; explicitFileType = wrapper.cfbundle; includeInIndex = 0; path = AudioFrameworkTests.xctest; sourceTree = BUILT_PRODUCTS_DIR; };
		842369B624FEC2BC001266BE /* AudioFrameworkTests.swift */ = {isa = PBXFileReference; lastKnownFileType = sourcecode.swift; path = AudioFrameworkTests.swift; sourceTree = "<group>"; };
		842369B824FEC2BC001266BE /* Info.plist */ = {isa = PBXFileReference; lastKnownFileType = text.plist.xml; path = Info.plist; sourceTree = "<group>"; };
		842369CA24FEC44C001266BE /* AudioComponentDescriptionExtension.swift */ = {isa = PBXFileReference; fileEncoding = 4; lastKnownFileType = sourcecode.swift; path = AudioComponentDescriptionExtension.swift; sourceTree = "<group>"; };
		842369D224FEC44C001266BE /* AudioController.swift */ = {isa = PBXFileReference; fileEncoding = 4; lastKnownFileType = sourcecode.swift; path = AudioController.swift; sourceTree = "<group>"; };
		842369D424FEC44C001266BE /* PluginData.swift */ = {isa = PBXFileReference; fileEncoding = 4; lastKnownFileType = sourcecode.swift; path = PluginData.swift; sourceTree = "<group>"; };
		8429DB64251FAA7600ADE7B0 /* StemRowView.swift */ = {isa = PBXFileReference; lastKnownFileType = sourcecode.swift; path = StemRowView.swift; sourceTree = "<group>"; };
		8429DB69251FB36600ADE7B0 /* StemCell.swift */ = {isa = PBXFileReference; lastKnownFileType = sourcecode.swift; path = StemCell.swift; sourceTree = "<group>"; };
		8429DB7D2520011B00ADE7B0 /* StemCreator.swift */ = {isa = PBXFileReference; lastKnownFileType = sourcecode.swift; path = StemCreator.swift; sourceTree = "<group>"; };
		8429DB94252017AD00ADE7B0 /* StemCreatorViewController.xib */ = {isa = PBXFileReference; fileEncoding = 4; lastKnownFileType = file.xib; name = StemCreatorViewController.xib; path = StemCreator/StemCreatorViewController.xib; sourceTree = SOURCE_ROOT; };
		84302934258558CC005913A8 /* AudioFormatTest.swift */ = {isa = PBXFileReference; lastKnownFileType = sourcecode.swift; path = AudioFormatTest.swift; sourceTree = "<group>"; };
		8430293625855C31005913A8 /* WavFormatTest.swift */ = {isa = PBXFileReference; lastKnownFileType = sourcecode.swift; path = WavFormatTest.swift; sourceTree = "<group>"; };
		8430293825856DB8005913A8 /* Mp3FormatTest.swift */ = {isa = PBXFileReference; lastKnownFileType = sourcecode.swift; path = Mp3FormatTest.swift; sourceTree = "<group>"; };
		843FD47425068E9200189936 /* ChannelController.swift */ = {isa = PBXFileReference; lastKnownFileType = sourcecode.swift; path = ChannelController.swift; sourceTree = "<group>"; };
		843FD4812506A3B500189936 /* AudioModel.swift */ = {isa = PBXFileReference; lastKnownFileType = sourcecode.swift; path = AudioModel.swift; sourceTree = "<group>"; };
		845900C82543BA6700410584 /* BeatGeneratorTest.swift */ = {isa = PBXFileReference; lastKnownFileType = sourcecode.swift; path = BeatGeneratorTest.swift; sourceTree = "<group>"; };
		845900DF254510D600410584 /* TestTest.swift */ = {isa = PBXFileReference; lastKnownFileType = sourcecode.swift; path = TestTest.swift; sourceTree = "<group>"; };
		8459589A251436F20091A43E /* SendData.swift */ = {isa = PBXFileReference; lastKnownFileType = sourcecode.swift; path = SendData.swift; sourceTree = "<group>"; };
		8460307A250803FA00CB9844 /* ChannelModel.swift */ = {isa = PBXFileReference; lastKnownFileType = sourcecode.swift; path = ChannelModel.swift; sourceTree = "<group>"; };
		8461C115252EA6A000147933 /* AudioUnitGenericWindow.swift */ = {isa = PBXFileReference; lastKnownFileType = sourcecode.swift; name = AudioUnitGenericWindow.swift; path = Waves/AudioUnitGenericWindow.swift; sourceTree = "<group>"; };
		8461C118252EA72400147933 /* AudioUnitGenericView.swift */ = {isa = PBXFileReference; lastKnownFileType = sourcecode.swift; name = AudioUnitGenericView.swift; path = Waves/AudioUnitGenericView.swift; sourceTree = "<group>"; };
		846A2D02258BE5DD00801C2F /* AudioFormatViewControllerDelegate.swift */ = {isa = PBXFileReference; lastKnownFileType = sourcecode.swift; path = AudioFormatViewControllerDelegate.swift; sourceTree = "<group>"; };
		846D647F253E2E630097F345 /* PluginDataTest.swift */ = {isa = PBXFileReference; lastKnownFileType = sourcecode.swift; path = PluginDataTest.swift; sourceTree = "<group>"; };
		846D6483253E404F0097F345 /* BeatGenerator.swift */ = {isa = PBXFileReference; fileEncoding = 4; lastKnownFileType = sourcecode.swift; path = BeatGenerator.swift; sourceTree = "<group>"; };
		846D6484253E404F0097F345 /* BeatGeneratable.swift */ = {isa = PBXFileReference; fileEncoding = 4; lastKnownFileType = sourcecode.swift; path = BeatGeneratable.swift; sourceTree = "<group>"; };
		846D6485253E404F0097F345 /* BeatTools.swift */ = {isa = PBXFileReference; fileEncoding = 4; lastKnownFileType = sourcecode.swift; path = BeatTools.swift; sourceTree = "<group>"; };
		846D6486253E404F0097F345 /* BeatDelegate.swift */ = {isa = PBXFileReference; fileEncoding = 4; lastKnownFileType = sourcecode.swift; path = BeatDelegate.swift; sourceTree = "<group>"; };
		84789A2C2527B73C0012B8FD /* ButtonExtension.swift */ = {isa = PBXFileReference; lastKnownFileType = sourcecode.swift; path = ButtonExtension.swift; sourceTree = "<group>"; };
		84789A342527B8AA0012B8FD /* DraggableButton.swift */ = {isa = PBXFileReference; lastKnownFileType = sourcecode.swift; path = DraggableButton.swift; sourceTree = "<group>"; };
		84789A522527F8C30012B8FD /* MixerViewController.xib */ = {isa = PBXFileReference; lastKnownFileType = file.xib; path = MixerViewController.xib; sourceTree = "<group>"; };
		8479715524FFE66600AAC4A3 /* MixerFillView.swift */ = {isa = PBXFileReference; lastKnownFileType = sourcecode.swift; path = MixerFillView.swift; sourceTree = "<group>"; };
		8480DAFB2530FFE800A40CEB /* ChannelModelTest.swift */ = {isa = PBXFileReference; lastKnownFileType = sourcecode.swift; path = ChannelModelTest.swift; sourceTree = "<group>"; };
		8480DB072532161E00A40CEB /* PluginDisplayDelegate.swift */ = {isa = PBXFileReference; lastKnownFileType = sourcecode.swift; path = PluginDisplayDelegate.swift; sourceTree = "<group>"; };
		8487F51825111FC1003DC1D6 /* AuxChannelController.swift */ = {isa = PBXFileReference; lastKnownFileType = sourcecode.swift; path = AuxChannelController.swift; sourceTree = "<group>"; };
		849216B4253A725B005982C3 /* ChannelControllerTest.swift */ = {isa = PBXFileReference; lastKnownFileType = sourcecode.swift; path = ChannelControllerTest.swift; sourceTree = "<group>"; };
		849216BA253A74DB005982C3 /* FakeAudioControllerDelegate.swift */ = {isa = PBXFileReference; lastKnownFileType = sourcecode.swift; path = FakeAudioControllerDelegate.swift; sourceTree = "<group>"; };
		849216BC253A86DC005982C3 /* FakeChannelControllerDelegate.swift */ = {isa = PBXFileReference; lastKnownFileType = sourcecode.swift; path = FakeChannelControllerDelegate.swift; sourceTree = "<group>"; };
		849216BE253A8848005982C3 /* FakeMusicalContext.swift */ = {isa = PBXFileReference; lastKnownFileType = sourcecode.swift; path = FakeMusicalContext.swift; sourceTree = "<group>"; };
		8493BD272560A96200C55A49 /* PulseGenerator.swift */ = {isa = PBXFileReference; lastKnownFileType = sourcecode.swift; path = PulseGenerator.swift; sourceTree = "<group>"; };
		84951276252CC9D4008C5C47 /* PluginVC.swift */ = {isa = PBXFileReference; lastKnownFileType = sourcecode.swift; name = PluginVC.swift; path = Waves/PluginVC.swift; sourceTree = "<group>"; };
		84951277252CC9D4008C5C47 /* PluginVC.xib */ = {isa = PBXFileReference; lastKnownFileType = file.xib; name = PluginVC.xib; path = Waves/PluginVC.xib; sourceTree = "<group>"; };
		8495128B252CF2A7008C5C47 /* MusicalContext.swift */ = {isa = PBXFileReference; lastKnownFileType = sourcecode.swift; path = MusicalContext.swift; sourceTree = "<group>"; };
		8496444E252B86AE00C9802E /* UltraMixerNode.swift */ = {isa = PBXFileReference; lastKnownFileType = sourcecode.swift; path = UltraMixerNode.swift; sourceTree = "<group>"; };
		849C6B88251A653300164DE1 /* Demo.swift */ = {isa = PBXFileReference; lastKnownFileType = sourcecode.swift; path = Demo.swift; sourceTree = "<group>"; };
		849C6B8B251A66FF00164DE1 /* NotificationExtension.swift */ = {isa = PBXFileReference; lastKnownFileType = sourcecode.swift; path = NotificationExtension.swift; sourceTree = "<group>"; };
		849C6B8F251A712800164DE1 /* test.mid */ = {isa = PBXFileReference; lastKnownFileType = audio.midi; path = test.mid; sourceTree = "<group>"; };
		84A9CF22250D35F70065A7CC /* MasterChannelController.swift */ = {isa = PBXFileReference; lastKnownFileType = sourcecode.swift; path = MasterChannelController.swift; sourceTree = "<group>"; };
		84A9CF32250D4E5A0065A7CC /* InstrumentChannelController.swift */ = {isa = PBXFileReference; lastKnownFileType = sourcecode.swift; path = InstrumentChannelController.swift; sourceTree = "<group>"; };
		84A9CF57250D93D50065A7CC /* AudioNodeFactory.swift */ = {isa = PBXFileReference; lastKnownFileType = sourcecode.swift; path = AudioNodeFactory.swift; sourceTree = "<group>"; };
		84ACDFDD25166219003963FD /* PluginSelection.swift */ = {isa = PBXFileReference; lastKnownFileType = sourcecode.swift; path = PluginSelection.swift; sourceTree = "<group>"; };
		84ACE02525191008003963FD /* AudioFrameworkDemo.app */ = {isa = PBXFileReference; explicitFileType = wrapper.application; includeInIndex = 0; path = AudioFrameworkDemo.app; sourceTree = BUILT_PRODUCTS_DIR; };
		84ACE02725191008003963FD /* AppDelegate.swift */ = {isa = PBXFileReference; lastKnownFileType = sourcecode.swift; path = AppDelegate.swift; sourceTree = "<group>"; };
		84ACE02925191008003963FD /* ViewController.swift */ = {isa = PBXFileReference; lastKnownFileType = sourcecode.swift; path = ViewController.swift; sourceTree = "<group>"; };
		84ACE02C25191008003963FD /* AudioFrameworkDemo.xcdatamodel */ = {isa = PBXFileReference; lastKnownFileType = wrapper.xcdatamodel; path = AudioFrameworkDemo.xcdatamodel; sourceTree = "<group>"; };
		84ACE02E2519100B003963FD /* Assets.xcassets */ = {isa = PBXFileReference; lastKnownFileType = folder.assetcatalog; path = Assets.xcassets; sourceTree = "<group>"; };
		84ACE0312519100B003963FD /* Base */ = {isa = PBXFileReference; lastKnownFileType = file.storyboard; name = Base; path = Base.lproj/Main.storyboard; sourceTree = "<group>"; };
		84ACE0332519100B003963FD /* Info.plist */ = {isa = PBXFileReference; lastKnownFileType = text.plist.xml; path = Info.plist; sourceTree = "<group>"; };
		84ACE0342519100B003963FD /* AudioFrameworkDemo.entitlements */ = {isa = PBXFileReference; lastKnownFileType = text.plist.entitlements; path = AudioFrameworkDemo.entitlements; sourceTree = "<group>"; };
		84ACE0392519100B003963FD /* AudioFrameworkDemoTests.xctest */ = {isa = PBXFileReference; explicitFileType = wrapper.cfbundle; includeInIndex = 0; path = AudioFrameworkDemoTests.xctest; sourceTree = BUILT_PRODUCTS_DIR; };
		84ACE03D2519100B003963FD /* AudioFrameworkDemoTests.swift */ = {isa = PBXFileReference; lastKnownFileType = sourcecode.swift; path = AudioFrameworkDemoTests.swift; sourceTree = "<group>"; };
		84ACE03F2519100B003963FD /* Info.plist */ = {isa = PBXFileReference; lastKnownFileType = text.plist.xml; path = Info.plist; sourceTree = "<group>"; };
		84B6315225896C9700F06123 /* StemModelTest.swift */ = {isa = PBXFileReference; lastKnownFileType = sourcecode.swift; path = StemModelTest.swift; sourceTree = "<group>"; };
		84B631582589CA4900F06123 /* AudioFormatFactory.swift */ = {isa = PBXFileReference; lastKnownFileType = sourcecode.swift; path = AudioFormatFactory.swift; sourceTree = "<group>"; };
		84B63162258AA58000F06123 /* AudioFormatView.swift */ = {isa = PBXFileReference; lastKnownFileType = sourcecode.swift; path = AudioFormatView.swift; sourceTree = "<group>"; };
		84D0AB5A251EB8DF0093A081 /* StemCreatorModel.swift */ = {isa = PBXFileReference; lastKnownFileType = sourcecode.swift; path = StemCreatorModel.swift; sourceTree = "<group>"; };
		84D0AB5D251EB9210093A081 /* StemModel.swift */ = {isa = PBXFileReference; lastKnownFileType = sourcecode.swift; path = StemModel.swift; sourceTree = "<group>"; };
		84D83D3A2548974E00CC1D51 /* StemDelegates.swift */ = {isa = PBXFileReference; lastKnownFileType = sourcecode.swift; path = StemDelegates.swift; sourceTree = "<group>"; };
		84DF4104252FBC8E0084AE61 /* PluginFactory.swift */ = {isa = PBXFileReference; lastKnownFileType = sourcecode.swift; path = PluginFactory.swift; sourceTree = "<group>"; };
		84E7A24A258319C10089D527 /* AudioFormat.swift */ = {isa = PBXFileReference; lastKnownFileType = sourcecode.swift; path = AudioFormat.swift; sourceTree = "<group>"; };
		84ED7F702585AB44005A124F /* StemCreatorModelTest.swift */ = {isa = PBXFileReference; lastKnownFileType = sourcecode.swift; path = StemCreatorModelTest.swift; sourceTree = "<group>"; };
		84F3D118253F7122001E7ABD /* BeatInfoSource.swift */ = {isa = PBXFileReference; lastKnownFileType = sourcecode.swift; path = BeatInfoSource.swift; sourceTree = "<group>"; };
		84F3D13F25420B0F001E7ABD /* BeatToolsTest.swift */ = {isa = PBXFileReference; fileEncoding = 4; lastKnownFileType = sourcecode.swift; path = BeatToolsTest.swift; sourceTree = "<group>"; };
		84F3D14125420B3E001E7ABD /* FakeBeatDelegate.swift */ = {isa = PBXFileReference; fileEncoding = 4; lastKnownFileType = sourcecode.swift; path = FakeBeatDelegate.swift; sourceTree = "<group>"; };
/* End PBXFileReference section */

/* Begin PBXFrameworksBuildPhase section */
		842369A524FEC2BC001266BE /* Frameworks */ = {
			isa = PBXFrameworksBuildPhase;
			buildActionMask = 2147483647;
			files = (
			);
			runOnlyForDeploymentPostprocessing = 0;
		};
		842369AE24FEC2BC001266BE /* Frameworks */ = {
			isa = PBXFrameworksBuildPhase;
			buildActionMask = 2147483647;
			files = (
				842369B224FEC2BC001266BE /* AudioFramework.framework in Frameworks */,
			);
			runOnlyForDeploymentPostprocessing = 0;
		};
		84ACE02225191008003963FD /* Frameworks */ = {
			isa = PBXFrameworksBuildPhase;
			buildActionMask = 2147483647;
			files = (
				84ACE047251910B4003963FD /* AudioFramework.framework in Frameworks */,
			);
			runOnlyForDeploymentPostprocessing = 0;
		};
		84ACE0362519100B003963FD /* Frameworks */ = {
			isa = PBXFrameworksBuildPhase;
			buildActionMask = 2147483647;
			files = (
			);
			runOnlyForDeploymentPostprocessing = 0;
		};
/* End PBXFrameworksBuildPhase section */

/* Begin PBXGroup section */
		84070C1724FF49BC00E572E7 /* Mixer */ = {
			isa = PBXGroup;
			children = (
				840D4A78253763D900E841F0 /* Plugin */,
				84A446292530B977002539E9 /* Channel */,
				84951275252CC8D5008C5C47 /* Waves */,
				842369D224FEC44C001266BE /* AudioController.swift */,
				8480DB072532161E00A40CEB /* PluginDisplayDelegate.swift */,
				84DF4104252FBC8E0084AE61 /* PluginFactory.swift */,
				8479715524FFE66600AAC4A3 /* MixerFillView.swift */,
				84070C5624FF5D5900E572E7 /* MixerViewController.swift */,
				84789A522527F8C30012B8FD /* MixerViewController.xib */,
				84ACDFDD25166219003963FD /* PluginSelection.swift */,
				8459589A251436F20091A43E /* SendData.swift */,
				8496444E252B86AE00C9802E /* UltraMixerNode.swift */,
				841BFE6C2526B8A000FA0276 /* VUMeterView.swift */,
				84964448252B853500C9802E /* WIP */,
			);
			path = Mixer;
			sourceTree = SOURCE_ROOT;
		};
		840D4A78253763D900E841F0 /* Plugin */ = {
			isa = PBXGroup;
			children = (
			);
			path = Plugin;
			sourceTree = "<group>";
		};
		840D4B0D2537849F00E841F0 /* Frameworks */ = {
			isa = PBXGroup;
			children = (
				840D4B0E2537849F00E841F0 /* AudioToolbox.framework */,
			);
			name = Frameworks;
			sourceTree = "<group>";
		};
		841D0A7624FED209008F6305 /* AudioUtilities */ = {
			isa = PBXGroup;
			children = (
				84E7A24A258319C10089D527 /* AudioFormat.swift */,
				841D0A7824FED209008F6305 /* AudioFileConverter.swift */,
				841D0A8524FED796008F6305 /* AudioControllerDelegate.swift */,
				84A9CF57250D93D50065A7CC /* AudioNodeFactory.swift */,
				841E57D2251C262F009B7E7C /* MidiAudioExporter.swift */,
				8495128B252CF2A7008C5C47 /* MusicalContext.swift */,
				84227222254A4FFE0096099D /* MessageHandler.swift */,
				84B631582589CA4900F06123 /* AudioFormatFactory.swift */,
			);
			path = AudioUtilities;
			sourceTree = "<group>";
		};
		841E57F0251D8D01009B7E7C /* StemCreator */ = {
			isa = PBXGroup;
			children = (
				8429DB94252017AD00ADE7B0 /* StemCreatorViewController.xib */,
				841E57FB251D9D11009B7E7C /* StemCreatorViewController.swift */,
				84D0AB5A251EB8DF0093A081 /* StemCreatorModel.swift */,
				84D0AB5D251EB9210093A081 /* StemModel.swift */,
				8429DB69251FB36600ADE7B0 /* StemCell.swift */,
				8429DB64251FAA7600ADE7B0 /* StemRowView.swift */,
				8429DB7D2520011B00ADE7B0 /* StemCreator.swift */,
				84D83D3A2548974E00CC1D51 /* StemDelegates.swift */,
				84B63162258AA58000F06123 /* AudioFormatView.swift */,
				8413ADA2258BBE6500816089 /* AudioFormatViewController.swift */,
				846A2D02258BE5DD00801C2F /* AudioFormatViewControllerDelegate.swift */,
				8413ADA3258BBE6500816089 /* AudioFormatViewController.xib */,
			);
			path = StemCreator;
			sourceTree = "<group>";
		};
		8423699E24FEC2BC001266BE = {
			isa = PBXGroup;
			children = (
				846D6482253E40210097F345 /* Beat */,
				841E57F0251D8D01009B7E7C /* StemCreator */,
				841D0A7624FED209008F6305 /* AudioUtilities */,
				84070C1724FF49BC00E572E7 /* Mixer */,
				842369C224FEC44C001266BE /* AudioUnitInstrumentHost */,
				842369AA24FEC2BC001266BE /* AudioFramework */,
				842369B524FEC2BC001266BE /* AudioFrameworkTests */,
				84ACE02625191008003963FD /* AudioFrameworkDemo */,
				84ACE03C2519100B003963FD /* AudioFrameworkDemoTests */,
				842369A924FEC2BC001266BE /* Products */,
				9617728FADD13898116E6918 /* Pods */,
				840D4B0D2537849F00E841F0 /* Frameworks */,
			);
			sourceTree = "<group>";
		};
		842369A924FEC2BC001266BE /* Products */ = {
			isa = PBXGroup;
			children = (
				842369A824FEC2BC001266BE /* AudioFramework.framework */,
				842369B124FEC2BC001266BE /* AudioFrameworkTests.xctest */,
				84ACE02525191008003963FD /* AudioFrameworkDemo.app */,
				84ACE0392519100B003963FD /* AudioFrameworkDemoTests.xctest */,
			);
			name = Products;
			sourceTree = "<group>";
		};
		842369AA24FEC2BC001266BE /* AudioFramework */ = {
			isa = PBXGroup;
			children = (
				842369AB24FEC2BC001266BE /* AudioFramework.h */,
				842369AC24FEC2BC001266BE /* Info.plist */,
			);
			path = AudioFramework;
			sourceTree = "<group>";
		};
		842369B524FEC2BC001266BE /* AudioFrameworkTests */ = {
			isa = PBXGroup;
			children = (
				84F3D13E25420A61001E7ABD /* Beat */,
				84302933258558B2005913A8 /* AudioUtilities */,
				8480DAFA2530FFD000A40CEB /* Channel */,
				84ED7F6F2585AB26005A124F /* StemCreator */,
				845900DE2545106A00410584 /* Test */,
				842369B624FEC2BC001266BE /* AudioFrameworkTests.swift */,
				842369B824FEC2BC001266BE /* Info.plist */,
			);
			path = AudioFrameworkTests;
			sourceTree = "<group>";
		};
		842369C224FEC44C001266BE /* AudioUnitInstrumentHost */ = {
			isa = PBXGroup;
			children = (
				842369CA24FEC44C001266BE /* AudioComponentDescriptionExtension.swift */,
				842369D324FEC44C001266BE /* Model */,
			);
			path = AudioUnitInstrumentHost;
			sourceTree = "<group>";
		};
		842369D324FEC44C001266BE /* Model */ = {
			isa = PBXGroup;
			children = (
				842369D424FEC44C001266BE /* PluginData.swift */,
				843FD4812506A3B500189936 /* AudioModel.swift */,
			);
			path = Model;
			sourceTree = "<group>";
		};
		84302933258558B2005913A8 /* AudioUtilities */ = {
			isa = PBXGroup;
			children = (
				84302934258558CC005913A8 /* AudioFormatTest.swift */,
				8430293625855C31005913A8 /* WavFormatTest.swift */,
				8430293825856DB8005913A8 /* Mp3FormatTest.swift */,
			);
			path = AudioUtilities;
			sourceTree = "<group>";
		};
		845900DE2545106A00410584 /* Test */ = {
			isa = PBXGroup;
			children = (
				845900DF254510D600410584 /* TestTest.swift */,
			);
			path = Test;
			sourceTree = "<group>";
		};
		846D6482253E40210097F345 /* Beat */ = {
			isa = PBXGroup;
			children = (
				846D6486253E404F0097F345 /* BeatDelegate.swift */,
				846D6484253E404F0097F345 /* BeatGeneratable.swift */,
				846D6483253E404F0097F345 /* BeatGenerator.swift */,
				846D6485253E404F0097F345 /* BeatTools.swift */,
				84F3D118253F7122001E7ABD /* BeatInfoSource.swift */,
				8493BD272560A96200C55A49 /* PulseGenerator.swift */,
			);
			path = Beat;
			sourceTree = "<group>";
		};
		8480DAFA2530FFD000A40CEB /* Channel */ = {
			isa = PBXGroup;
			children = (
				846D647F253E2E630097F345 /* PluginDataTest.swift */,
				8480DAFB2530FFE800A40CEB /* ChannelModelTest.swift */,
				849216B4253A725B005982C3 /* ChannelControllerTest.swift */,
				849216BA253A74DB005982C3 /* FakeAudioControllerDelegate.swift */,
				849216BC253A86DC005982C3 /* FakeChannelControllerDelegate.swift */,
				849216BE253A8848005982C3 /* FakeMusicalContext.swift */,
			);
			path = Channel;
			sourceTree = "<group>";
		};
		84951275252CC8D5008C5C47 /* Waves */ = {
			isa = PBXGroup;
			children = (
				84951276252CC9D4008C5C47 /* PluginVC.swift */,
				84951277252CC9D4008C5C47 /* PluginVC.xib */,
				8461C115252EA6A000147933 /* AudioUnitGenericWindow.swift */,
				8461C118252EA72400147933 /* AudioUnitGenericView.swift */,
			);
			name = Waves;
			sourceTree = "<group>";
		};
		84964448252B853500C9802E /* WIP */ = {
			isa = PBXGroup;
			children = (
				84789A342527B8AA0012B8FD /* DraggableButton.swift */,
				84789A2C2527B73C0012B8FD /* ButtonExtension.swift */,
				4324730D259D430C00A6DD86 /* AFPanGestureRecognizer.swift */,
			);
			path = WIP;
			sourceTree = "<group>";
		};
		849C6B8E251A70FD00164DE1 /* Demo */ = {
			isa = PBXGroup;
			children = (
				849C6B8F251A712800164DE1 /* test.mid */,
				849C6B88251A653300164DE1 /* Demo.swift */,
				849C6B8B251A66FF00164DE1 /* NotificationExtension.swift */,
			);
			path = Demo;
			sourceTree = "<group>";
		};
		84A446292530B977002539E9 /* Channel */ = {
			isa = PBXGroup;
			children = (
				8487F51825111FC1003DC1D6 /* AuxChannelController.swift */,
				84070C5124FF5D5900E572E7 /* ChannelCollectionViewItem.swift */,
				84070C5424FF5D5900E572E7 /* ChannelCollectionViewItem.xib */,
				843FD47425068E9200189936 /* ChannelController.swift */,
				84070C5524FF5D5900E572E7 /* ChannelDelegates.swift */,
				8460307A250803FA00CB9844 /* ChannelModel.swift */,
				84A9CF32250D4E5A0065A7CC /* InstrumentChannelController.swift */,
				84A9CF22250D35F70065A7CC /* MasterChannelController.swift */,
				84070C5224FF5D5900E572E7 /* ChannelRouter.swift */,
			);
			path = Channel;
			sourceTree = "<group>";
		};
		84ACE02625191008003963FD /* AudioFrameworkDemo */ = {
			isa = PBXGroup;
			children = (
				849C6B8E251A70FD00164DE1 /* Demo */,
				84ACE02725191008003963FD /* AppDelegate.swift */,
				84ACE02925191008003963FD /* ViewController.swift */,
				84ACE02E2519100B003963FD /* Assets.xcassets */,
				84ACE0302519100B003963FD /* Main.storyboard */,
				84ACE0332519100B003963FD /* Info.plist */,
				84ACE0342519100B003963FD /* AudioFrameworkDemo.entitlements */,
				84ACE02B25191008003963FD /* AudioFrameworkDemo.xcdatamodeld */,
			);
			path = AudioFrameworkDemo;
			sourceTree = "<group>";
		};
		84ACE03C2519100B003963FD /* AudioFrameworkDemoTests */ = {
			isa = PBXGroup;
			children = (
				84ACE03D2519100B003963FD /* AudioFrameworkDemoTests.swift */,
				84ACE03F2519100B003963FD /* Info.plist */,
			);
			path = AudioFrameworkDemoTests;
			sourceTree = "<group>";
		};
		84ED7F6F2585AB26005A124F /* StemCreator */ = {
			isa = PBXGroup;
			children = (
				84ED7F702585AB44005A124F /* StemCreatorModelTest.swift */,
				84B6315225896C9700F06123 /* StemModelTest.swift */,
			);
			path = StemCreator;
			sourceTree = "<group>";
		};
		84F3D13E25420A61001E7ABD /* Beat */ = {
			isa = PBXGroup;
			children = (
				84F3D13F25420B0F001E7ABD /* BeatToolsTest.swift */,
				84F3D14125420B3E001E7ABD /* FakeBeatDelegate.swift */,
				845900C82543BA6700410584 /* BeatGeneratorTest.swift */,
			);
			path = Beat;
			sourceTree = "<group>";
		};
		9617728FADD13898116E6918 /* Pods */ = {
			isa = PBXGroup;
			children = (
			);
			path = Pods;
			sourceTree = "<group>";
		};
/* End PBXGroup section */

/* Begin PBXHeadersBuildPhase section */
		842369A324FEC2BC001266BE /* Headers */ = {
			isa = PBXHeadersBuildPhase;
			buildActionMask = 2147483647;
			files = (
				842369B924FEC2BC001266BE /* AudioFramework.h in Headers */,
			);
			runOnlyForDeploymentPostprocessing = 0;
		};
/* End PBXHeadersBuildPhase section */

/* Begin PBXNativeTarget section */
		842369A724FEC2BC001266BE /* AudioFramework */ = {
			isa = PBXNativeTarget;
			buildConfigurationList = 842369BC24FEC2BC001266BE /* Build configuration list for PBXNativeTarget "AudioFramework" */;
			buildPhases = (
				842369A324FEC2BC001266BE /* Headers */,
				842369A424FEC2BC001266BE /* Sources */,
				842369A524FEC2BC001266BE /* Frameworks */,
				842369A624FEC2BC001266BE /* Resources */,
			);
			buildRules = (
			);
			dependencies = (
			);
			name = AudioFramework;
			productName = AudioFramework;
			productReference = 842369A824FEC2BC001266BE /* AudioFramework.framework */;
			productType = "com.apple.product-type.framework";
		};
		842369B024FEC2BC001266BE /* AudioFrameworkTests */ = {
			isa = PBXNativeTarget;
			buildConfigurationList = 842369BF24FEC2BC001266BE /* Build configuration list for PBXNativeTarget "AudioFrameworkTests" */;
			buildPhases = (
				842369AD24FEC2BC001266BE /* Sources */,
				842369AE24FEC2BC001266BE /* Frameworks */,
				842369AF24FEC2BC001266BE /* Resources */,
			);
			buildRules = (
			);
			dependencies = (
				842369B424FEC2BC001266BE /* PBXTargetDependency */,
			);
			name = AudioFrameworkTests;
			productName = AudioFrameworkTests;
			productReference = 842369B124FEC2BC001266BE /* AudioFrameworkTests.xctest */;
			productType = "com.apple.product-type.bundle.unit-test";
		};
		84ACE02425191008003963FD /* AudioFrameworkDemo */ = {
			isa = PBXNativeTarget;
			buildConfigurationList = 84ACE0402519100B003963FD /* Build configuration list for PBXNativeTarget "AudioFrameworkDemo" */;
			buildPhases = (
				84ACE02125191008003963FD /* Sources */,
				84ACE02225191008003963FD /* Frameworks */,
				84ACE02325191008003963FD /* Resources */,
				84ACE04B251910B5003963FD /* Embed Frameworks */,
				840D4B0C253777DA00E841F0 /* Embed App Extensions */,
			);
			buildRules = (
			);
			dependencies = (
				84ACE04A251910B4003963FD /* PBXTargetDependency */,
			);
			name = AudioFrameworkDemo;
			productName = AudioFrameworkDemo;
			productReference = 84ACE02525191008003963FD /* AudioFrameworkDemo.app */;
			productType = "com.apple.product-type.application";
		};
		84ACE0382519100B003963FD /* AudioFrameworkDemoTests */ = {
			isa = PBXNativeTarget;
			buildConfigurationList = 84ACE0432519100B003963FD /* Build configuration list for PBXNativeTarget "AudioFrameworkDemoTests" */;
			buildPhases = (
				84ACE0352519100B003963FD /* Sources */,
				84ACE0362519100B003963FD /* Frameworks */,
				84ACE0372519100B003963FD /* Resources */,
			);
			buildRules = (
			);
			dependencies = (
				84ACE03B2519100B003963FD /* PBXTargetDependency */,
			);
			name = AudioFrameworkDemoTests;
			productName = AudioFrameworkDemoTests;
			productReference = 84ACE0392519100B003963FD /* AudioFrameworkDemoTests.xctest */;
			productType = "com.apple.product-type.bundle.unit-test";
		};
/* End PBXNativeTarget section */

/* Begin PBXProject section */
		8423699F24FEC2BC001266BE /* Project object */ = {
			isa = PBXProject;
			attributes = {
				LastSwiftUpdateCheck = 1110;
				LastUpgradeCheck = 1240;
				ORGANIZATIONNAME = UltraMusician;
				TargetAttributes = {
					842369A724FEC2BC001266BE = {
						CreatedOnToolsVersion = 11.1;
					};
					842369B024FEC2BC001266BE = {
						CreatedOnToolsVersion = 11.1;
					};
					84ACE02425191008003963FD = {
						CreatedOnToolsVersion = 11.1;
					};
					84ACE0382519100B003963FD = {
						CreatedOnToolsVersion = 11.1;
						TestTargetID = 84ACE02425191008003963FD;
					};
				};
			};
			buildConfigurationList = 842369A224FEC2BC001266BE /* Build configuration list for PBXProject "AudioFramework" */;
			compatibilityVersion = "Xcode 9.3";
			developmentRegion = en;
			hasScannedForEncodings = 0;
			knownRegions = (
				en,
				Base,
			);
			mainGroup = 8423699E24FEC2BC001266BE;
			productRefGroup = 842369A924FEC2BC001266BE /* Products */;
			projectDirPath = "";
			projectRoot = "";
			targets = (
				842369A724FEC2BC001266BE /* AudioFramework */,
				842369B024FEC2BC001266BE /* AudioFrameworkTests */,
				84ACE02425191008003963FD /* AudioFrameworkDemo */,
				84ACE0382519100B003963FD /* AudioFrameworkDemoTests */,
			);
		};
/* End PBXProject section */

/* Begin PBXResourcesBuildPhase section */
		842369A624FEC2BC001266BE /* Resources */ = {
			isa = PBXResourcesBuildPhase;
			buildActionMask = 2147483647;
			files = (
				849C6B94251A9A6E00164DE1 /* test.mid in Resources */,
				8495127A252CC9D4008C5C47 /* PluginVC.xib in Resources */,
				84789A532527F8C30012B8FD /* MixerViewController.xib in Resources */,
				8429DB95252017AD00ADE7B0 /* StemCreatorViewController.xib in Resources */,
				8413ADA8258BBE6500816089 /* AudioFormatViewController.xib in Resources */,
				84070C5C24FF5D5900E572E7 /* ChannelCollectionViewItem.xib in Resources */,
			);
			runOnlyForDeploymentPostprocessing = 0;
		};
		842369AF24FEC2BC001266BE /* Resources */ = {
			isa = PBXResourcesBuildPhase;
			buildActionMask = 2147483647;
			files = (
				84789A542527F8C30012B8FD /* MixerViewController.xib in Resources */,
				8495127B252CC9D4008C5C47 /* PluginVC.xib in Resources */,
				84A9AFE025101ED500816F7F /* ChannelCollectionViewItem.xib in Resources */,
				8429DB96252017AD00ADE7B0 /* StemCreatorViewController.xib in Resources */,
				8413ADA9258BBE6500816089 /* AudioFormatViewController.xib in Resources */,
			);
			runOnlyForDeploymentPostprocessing = 0;
		};
		84ACE02325191008003963FD /* Resources */ = {
			isa = PBXResourcesBuildPhase;
			buildActionMask = 2147483647;
			files = (
				8429DB97252017AD00ADE7B0 /* StemCreatorViewController.xib in Resources */,
				849C6B90251A712800164DE1 /* test.mid in Resources */,
				84ACE02F2519100B003963FD /* Assets.xcassets in Resources */,
				84ACE0322519100B003963FD /* Main.storyboard in Resources */,
				8413ADAA258BBE6500816089 /* AudioFormatViewController.xib in Resources */,
			);
			runOnlyForDeploymentPostprocessing = 0;
		};
		84ACE0372519100B003963FD /* Resources */ = {
			isa = PBXResourcesBuildPhase;
			buildActionMask = 2147483647;
			files = (
				8429DB98252017AD00ADE7B0 /* StemCreatorViewController.xib in Resources */,
				8413ADAB258BBE6500816089 /* AudioFormatViewController.xib in Resources */,
				849C6B91251A712800164DE1 /* test.mid in Resources */,
			);
			runOnlyForDeploymentPostprocessing = 0;
		};
/* End PBXResourcesBuildPhase section */

/* Begin PBXSourcesBuildPhase section */
		842369A424FEC2BC001266BE /* Sources */ = {
			isa = PBXSourcesBuildPhase;
			buildActionMask = 2147483647;
			files = (
				846D6489253E404F0097F345 /* BeatGeneratable.swift in Sources */,
				8495128C252CF2A7008C5C47 /* MusicalContext.swift in Sources */,
				842369F524FEC44C001266BE /* AudioController.swift in Sources */,
				84A9CF58250D93D50065A7CC /* AudioNodeFactory.swift in Sources */,
				84E7A24B258319C10089D527 /* AudioFormat.swift in Sources */,
				84D83D3B2548974E00CC1D51 /* StemDelegates.swift in Sources */,
				8429DB65251FAA7600ADE7B0 /* StemRowView.swift in Sources */,
				841E57D3251C262F009B7E7C /* MidiAudioExporter.swift in Sources */,
				841BFE6D2526B8A000FA0276 /* VUMeterView.swift in Sources */,
				8480DB082532161E00A40CEB /* PluginDisplayDelegate.swift in Sources */,
				8493BD282560A96200C55A49 /* PulseGenerator.swift in Sources */,
				84070C5D24FF5D5900E572E7 /* ChannelDelegates.swift in Sources */,
				84B63163258AA58000F06123 /* AudioFormatView.swift in Sources */,
				84D0AB5E251EB9210093A081 /* StemModel.swift in Sources */,
				8460307B250803FA00CB9844 /* ChannelModel.swift in Sources */,
				84DF4105252FBC8E0084AE61 /* PluginFactory.swift in Sources */,
				842369F724FEC44C001266BE /* PluginData.swift in Sources */,
				846D648D253E404F0097F345 /* BeatDelegate.swift in Sources */,
				8461C119252EA72400147933 /* AudioUnitGenericView.swift in Sources */,
				84A9CF33250D4E5A0065A7CC /* InstrumentChannelController.swift in Sources */,
				84227223254A4FFE0096099D /* MessageHandler.swift in Sources */,
				84070C5E24FF5D5900E572E7 /* MixerViewController.swift in Sources */,
				8413ADA4258BBE6500816089 /* AudioFormatViewController.swift in Sources */,
				846A2D03258BE5DD00801C2F /* AudioFormatViewControllerDelegate.swift in Sources */,
				84A9CF23250D35F70065A7CC /* MasterChannelController.swift in Sources */,
				84789A2D2527B73C0012B8FD /* ButtonExtension.swift in Sources */,
				842369E924FEC44C001266BE /* AudioComponentDescriptionExtension.swift in Sources */,
				846D6487253E404F0097F345 /* BeatGenerator.swift in Sources */,
				846D648B253E404F0097F345 /* BeatTools.swift in Sources */,
				841D0A7A24FED209008F6305 /* AudioFileConverter.swift in Sources */,
				84B631592589CA4900F06123 /* AudioFormatFactory.swift in Sources */,
				84951278252CC9D4008C5C47 /* PluginVC.swift in Sources */,
				8496444F252B86AE00C9802E /* UltraMixerNode.swift in Sources */,
				84F3D119253F7122001E7ABD /* BeatInfoSource.swift in Sources */,
				4324730E259D430D00A6DD86 /* AFPanGestureRecognizer.swift in Sources */,
				84789A352527B8AA0012B8FD /* DraggableButton.swift in Sources */,
				84529AC5254782D2007BDA32 /* NotificationExtension.swift in Sources */,
				8429DB6A251FB36600ADE7B0 /* StemCell.swift in Sources */,
				84D0AB5B251EB8DF0093A081 /* StemCreatorModel.swift in Sources */,
				84070C5924FF5D5900E572E7 /* ChannelCollectionViewItem.swift in Sources */,
				841D0A8624FED796008F6305 /* AudioControllerDelegate.swift in Sources */,
				841E57FD251D9D11009B7E7C /* StemCreatorViewController.swift in Sources */,
				84ACDFDE25166219003963FD /* PluginSelection.swift in Sources */,
				8429DB90252011EA00ADE7B0 /* StemCreator.swift in Sources */,
				84070C5A24FF5D5900E572E7 /* ChannelRouter.swift in Sources */,
				8479715624FFE66600AAC4A3 /* MixerFillView.swift in Sources */,
				843FD4822506A3B500189936 /* AudioModel.swift in Sources */,
				8487F51925111FC1003DC1D6 /* AuxChannelController.swift in Sources */,
				843FD47525068E9200189936 /* ChannelController.swift in Sources */,
				8459589B251436F20091A43E /* SendData.swift in Sources */,
				8461C116252EA6A000147933 /* AudioUnitGenericWindow.swift in Sources */,
			);
			runOnlyForDeploymentPostprocessing = 0;
		};
		842369AD24FEC2BC001266BE /* Sources */ = {
			isa = PBXSourcesBuildPhase;
			buildActionMask = 2147483647;
			files = (
				846D648A253E404F0097F345 /* BeatGeneratable.swift in Sources */,
				84964450252B86AE00C9802E /* UltraMixerNode.swift in Sources */,
				84B6315A2589CA4A00F06123 /* AudioFormatFactory.swift in Sources */,
				8461C11A252EA72400147933 /* AudioUnitGenericView.swift in Sources */,
				84A9AFEB25101ED500816F7F /* MixerViewController.swift in Sources */,
				8429DB91252011EC00ADE7B0 /* StemCreator.swift in Sources */,
				8454F47C25A66D160027EF7B /* BeatToolsTest.swift in Sources */,
				8454F48325A66D1D0027EF7B /* FakeBeatDelegate.swift in Sources */,
				8493BD25256075BC00C55A49 /* StemDelegates.swift in Sources */,
				84A9AFE325101ED500816F7F /* MasterChannelController.swift in Sources */,
				8454F48425A66D1D0027EF7B /* BeatGeneratorTest.swift in Sources */,
				84789A2E2527B73C0012B8FD /* ButtonExtension.swift in Sources */,
				84D0AB5F251EB9210093A081 /* StemModel.swift in Sources */,
				841BFE6E2526B8A000FA0276 /* VUMeterView.swift in Sources */,
				84A9AFE425101ED500816F7F /* ChannelModel.swift in Sources */,
				84DF4106252FBC8E0084AE61 /* PluginFactory.swift in Sources */,
				8454F46D25A66BF70027EF7B /* FakeAudioControllerDelegate.swift in Sources */,
				842369B724FEC2BC001266BE /* AudioFrameworkTests.swift in Sources */,
				845900E0254510D600410584 /* TestTest.swift in Sources */,
				8493BD26256075DC00C55A49 /* NotificationExtension.swift in Sources */,
				846A2D0D258D44EA00801C2F /* StemModelTest.swift in Sources */,
				841D0A7C24FED216008F6305 /* AudioFileConverter.swift in Sources */,
				8454F47225A66BF70027EF7B /* ChannelModelTest.swift in Sources */,
				8454F46F25A66BF70027EF7B /* FakeChannelControllerDelegate.swift in Sources */,
				843FD4832506A3B500189936 /* AudioModel.swift in Sources */,
				84A9AFE525101ED500816F7F /* ChannelRouter.swift in Sources */,
				846D648E253E404F0097F345 /* BeatDelegate.swift in Sources */,
				8454F47025A66BF70027EF7B /* FakeMusicalContext.swift in Sources */,
				8429DB6B251FB36600ADE7B0 /* StemCell.swift in Sources */,
				8429DB66251FAA7600ADE7B0 /* StemRowView.swift in Sources */,
				8454F46E25A66BF70027EF7B /* PluginDataTest.swift in Sources */,
				84951279252CC9D4008C5C47 /* PluginVC.swift in Sources */,
				842369F824FEC44C001266BE /* PluginData.swift in Sources */,
				84A9AFDF25101ED500816F7F /* ChannelCollectionViewItem.swift in Sources */,
				84A9AFE225101ED500816F7F /* InstrumentChannelController.swift in Sources */,
				846D6488253E404F0097F345 /* BeatGenerator.swift in Sources */,
				846D648C253E404F0097F345 /* BeatTools.swift in Sources */,
				84A9AFEC25101EDB00816F7F /* AudioControllerDelegate.swift in Sources */,
				8495128D252CF2A7008C5C47 /* MusicalContext.swift in Sources */,
				84B63164258AA58000F06123 /* AudioFormatView.swift in Sources */,
				84A9AFE925101ED500816F7F /* ChannelDelegates.swift in Sources */,
				84F3D11A253F7122001E7ABD /* BeatInfoSource.swift in Sources */,
				84789A362527B8AA0012B8FD /* DraggableButton.swift in Sources */,
				8454F48B25A66D290027EF7B /* AudioFormatTest.swift in Sources */,
				8413ADA5258BBE6500816089 /* AudioFormatViewController.swift in Sources */,
				846A2D04258BE5DD00801C2F /* AudioFormatViewControllerDelegate.swift in Sources */,
				84A9CF59250D93D50065A7CC /* AudioNodeFactory.swift in Sources */,
				84ACDFDF25166219003963FD /* PluginSelection.swift in Sources */,
				84E7A24C258319C10089D527 /* AudioFormat.swift in Sources */,
				842369F624FEC44C001266BE /* AudioController.swift in Sources */,
				841E57FE251D9D11009B7E7C /* StemCreatorViewController.swift in Sources */,
				8461C117252EA6A000147933 /* AudioUnitGenericWindow.swift in Sources */,
				84A9AFEA25101ED500816F7F /* MixerFillView.swift in Sources */,
				84227224254A4FFE0096099D /* MessageHandler.swift in Sources */,
				8487F51A25111FC1003DC1D6 /* AuxChannelController.swift in Sources */,
				841E57D4251C262F009B7E7C /* MidiAudioExporter.swift in Sources */,
				846A2D0E258D461E00801C2F /* StemCreatorModelTest.swift in Sources */,
				84D0AB5C251EB8DF0093A081 /* StemCreatorModel.swift in Sources */,
				84A9AFE125101ED500816F7F /* ChannelController.swift in Sources */,
				8480DB092532161E00A40CEB /* PluginDisplayDelegate.swift in Sources */,
				8459589C251436F20091A43E /* SendData.swift in Sources */,
				4324730F259D430D00A6DD86 /* AFPanGestureRecognizer.swift in Sources */,
				8493BD292560A96200C55A49 /* PulseGenerator.swift in Sources */,
				8454F47125A66BF70027EF7B /* ChannelControllerTest.swift in Sources */,
			);
			runOnlyForDeploymentPostprocessing = 0;
		};
		84ACE02125191008003963FD /* Sources */ = {
			isa = PBXSourcesBuildPhase;
			buildActionMask = 2147483647;
			files = (
				849C6B8C251A66FF00164DE1 /* NotificationExtension.swift in Sources */,
				849216B6253A72AA005982C3 /* AudioNodeFactory.swift in Sources */,
				84ACE02D25191008003963FD /* AudioFrameworkDemo.xcdatamodeld in Sources */,
				846A2D05258BE5DD00801C2F /* AudioFormatViewControllerDelegate.swift in Sources */,
				84F91DE9259250DC0039E4F6 /* StemCell.swift in Sources */,
				849216B8253A72BF005982C3 /* UltraMixerNode.swift in Sources */,
				84D0AB6A251EDAD50093A081 /* AudioFileConverter.swift in Sources */,
				84ACE02A25191008003963FD /* ViewController.swift in Sources */,
				84B6315B2589CA4A00F06123 /* AudioFormatFactory.swift in Sources */,
				84F91DE7259250BE0039E4F6 /* StemRowView.swift in Sources */,
				841E57D5251C262F009B7E7C /* MidiAudioExporter.swift in Sources */,
				8413ADA6258BBE6500816089 /* AudioFormatViewController.swift in Sources */,
				84B63165258AA58000F06123 /* AudioFormatView.swift in Sources */,
				84B6315425896CC800F06123 /* StemModel.swift in Sources */,
				849C6B89251A653300164DE1 /* Demo.swift in Sources */,
				84ACE02825191008003963FD /* AppDelegate.swift in Sources */,
				84F91DE8259250CF0039E4F6 /* StemDelegates.swift in Sources */,
				84B63157258975AB00F06123 /* AudioFormat.swift in Sources */,
			);
			runOnlyForDeploymentPostprocessing = 0;
		};
		84ACE0352519100B003963FD /* Sources */ = {
			isa = PBXSourcesBuildPhase;
			buildActionMask = 2147483647;
			files = (
				843D4189251E661200E57CF5 /* AppDelegate.swift in Sources */,
				84B6315C2589CA4A00F06123 /* AudioFormatFactory.swift in Sources */,
				84B6315525896CC800F06123 /* StemModel.swift in Sources */,
				84B631562589759500F06123 /* AudioFormat.swift in Sources */,
				846A2D06258BE5DD00801C2F /* AudioFormatViewControllerDelegate.swift in Sources */,
				849216B9253A72C0005982C3 /* UltraMixerNode.swift in Sources */,
				849C6B8D251A66FF00164DE1 /* NotificationExtension.swift in Sources */,
				84B63166258AA58000F06123 /* AudioFormatView.swift in Sources */,
				849216B7253A72AA005982C3 /* AudioNodeFactory.swift in Sources */,
				841E57D6251C262F009B7E7C /* MidiAudioExporter.swift in Sources */,
				849C6B8A251A653300164DE1 /* Demo.swift in Sources */,
				84D0AB6B251EDAD60093A081 /* AudioFileConverter.swift in Sources */,
				8413ADA7258BBE6500816089 /* AudioFormatViewController.swift in Sources */,
				84ACE03E2519100B003963FD /* AudioFrameworkDemoTests.swift in Sources */,
			);
			runOnlyForDeploymentPostprocessing = 0;
		};
/* End PBXSourcesBuildPhase section */

/* Begin PBXTargetDependency section */
		842369B424FEC2BC001266BE /* PBXTargetDependency */ = {
			isa = PBXTargetDependency;
			target = 842369A724FEC2BC001266BE /* AudioFramework */;
			targetProxy = 842369B324FEC2BC001266BE /* PBXContainerItemProxy */;
		};
		84ACE03B2519100B003963FD /* PBXTargetDependency */ = {
			isa = PBXTargetDependency;
			target = 84ACE02425191008003963FD /* AudioFrameworkDemo */;
			targetProxy = 84ACE03A2519100B003963FD /* PBXContainerItemProxy */;
		};
		84ACE04A251910B4003963FD /* PBXTargetDependency */ = {
			isa = PBXTargetDependency;
			target = 842369A724FEC2BC001266BE /* AudioFramework */;
			targetProxy = 84ACE049251910B4003963FD /* PBXContainerItemProxy */;
		};
/* End PBXTargetDependency section */

/* Begin PBXVariantGroup section */
		84ACE0302519100B003963FD /* Main.storyboard */ = {
			isa = PBXVariantGroup;
			children = (
				84ACE0312519100B003963FD /* Base */,
			);
			name = Main.storyboard;
			sourceTree = "<group>";
		};
/* End PBXVariantGroup section */

/* Begin XCBuildConfiguration section */
		842369BA24FEC2BC001266BE /* Debug */ = {
			isa = XCBuildConfiguration;
			buildSettings = {
				ALWAYS_SEARCH_USER_PATHS = NO;
				CLANG_ANALYZER_NONNULL = YES;
				CLANG_ANALYZER_NUMBER_OBJECT_CONVERSION = YES_AGGRESSIVE;
				CLANG_CXX_LANGUAGE_STANDARD = "gnu++14";
				CLANG_CXX_LIBRARY = "libc++";
				CLANG_ENABLE_MODULES = YES;
				CLANG_ENABLE_OBJC_ARC = YES;
				CLANG_ENABLE_OBJC_WEAK = YES;
				CLANG_WARN_BLOCK_CAPTURE_AUTORELEASING = YES;
				CLANG_WARN_BOOL_CONVERSION = YES;
				CLANG_WARN_COMMA = YES;
				CLANG_WARN_CONSTANT_CONVERSION = YES;
				CLANG_WARN_DEPRECATED_OBJC_IMPLEMENTATIONS = YES;
				CLANG_WARN_DIRECT_OBJC_ISA_USAGE = YES_ERROR;
				CLANG_WARN_DOCUMENTATION_COMMENTS = YES;
				CLANG_WARN_EMPTY_BODY = YES;
				CLANG_WARN_ENUM_CONVERSION = YES;
				CLANG_WARN_INFINITE_RECURSION = YES;
				CLANG_WARN_INT_CONVERSION = YES;
				CLANG_WARN_NON_LITERAL_NULL_CONVERSION = YES;
				CLANG_WARN_OBJC_IMPLICIT_RETAIN_SELF = YES;
				CLANG_WARN_OBJC_LITERAL_CONVERSION = YES;
				CLANG_WARN_OBJC_ROOT_CLASS = YES_ERROR;
				CLANG_WARN_QUOTED_INCLUDE_IN_FRAMEWORK_HEADER = YES;
				CLANG_WARN_RANGE_LOOP_ANALYSIS = YES;
				CLANG_WARN_STRICT_PROTOTYPES = YES;
				CLANG_WARN_SUSPICIOUS_MOVE = YES;
				CLANG_WARN_UNGUARDED_AVAILABILITY = YES_AGGRESSIVE;
				CLANG_WARN_UNREACHABLE_CODE = YES;
				CLANG_WARN__DUPLICATE_METHOD_MATCH = YES;
				COPY_PHASE_STRIP = NO;
				CURRENT_PROJECT_VERSION = 1;
				DEBUG_INFORMATION_FORMAT = dwarf;
				ENABLE_STRICT_OBJC_MSGSEND = YES;
				ENABLE_TESTABILITY = YES;
				GCC_C_LANGUAGE_STANDARD = gnu11;
				GCC_DYNAMIC_NO_PIC = NO;
				GCC_NO_COMMON_BLOCKS = YES;
				GCC_OPTIMIZATION_LEVEL = 0;
				GCC_PREPROCESSOR_DEFINITIONS = (
					"DEBUG=1",
					"$(inherited)",
				);
				GCC_WARN_64_TO_32_BIT_CONVERSION = YES;
				GCC_WARN_ABOUT_RETURN_TYPE = YES_ERROR;
				GCC_WARN_UNDECLARED_SELECTOR = YES;
				GCC_WARN_UNINITIALIZED_AUTOS = YES_AGGRESSIVE;
				GCC_WARN_UNUSED_FUNCTION = YES;
				GCC_WARN_UNUSED_VARIABLE = YES;
				MACOSX_DEPLOYMENT_TARGET = 10.15;
				MTL_ENABLE_DEBUG_INFO = INCLUDE_SOURCE;
				MTL_FAST_MATH = YES;
				ONLY_ACTIVE_ARCH = YES;
				SDKROOT = macosx;
				SWIFT_ACTIVE_COMPILATION_CONDITIONS = DEBUG;
				SWIFT_OPTIMIZATION_LEVEL = "-Onone";
				VERSIONING_SYSTEM = "apple-generic";
				VERSION_INFO_PREFIX = "";
			};
			name = Debug;
		};
		842369BB24FEC2BC001266BE /* Release */ = {
			isa = XCBuildConfiguration;
			buildSettings = {
				ALWAYS_SEARCH_USER_PATHS = NO;
				CLANG_ANALYZER_NONNULL = YES;
				CLANG_ANALYZER_NUMBER_OBJECT_CONVERSION = YES_AGGRESSIVE;
				CLANG_CXX_LANGUAGE_STANDARD = "gnu++14";
				CLANG_CXX_LIBRARY = "libc++";
				CLANG_ENABLE_MODULES = YES;
				CLANG_ENABLE_OBJC_ARC = YES;
				CLANG_ENABLE_OBJC_WEAK = YES;
				CLANG_WARN_BLOCK_CAPTURE_AUTORELEASING = YES;
				CLANG_WARN_BOOL_CONVERSION = YES;
				CLANG_WARN_COMMA = YES;
				CLANG_WARN_CONSTANT_CONVERSION = YES;
				CLANG_WARN_DEPRECATED_OBJC_IMPLEMENTATIONS = YES;
				CLANG_WARN_DIRECT_OBJC_ISA_USAGE = YES_ERROR;
				CLANG_WARN_DOCUMENTATION_COMMENTS = YES;
				CLANG_WARN_EMPTY_BODY = YES;
				CLANG_WARN_ENUM_CONVERSION = YES;
				CLANG_WARN_INFINITE_RECURSION = YES;
				CLANG_WARN_INT_CONVERSION = YES;
				CLANG_WARN_NON_LITERAL_NULL_CONVERSION = YES;
				CLANG_WARN_OBJC_IMPLICIT_RETAIN_SELF = YES;
				CLANG_WARN_OBJC_LITERAL_CONVERSION = YES;
				CLANG_WARN_OBJC_ROOT_CLASS = YES_ERROR;
				CLANG_WARN_QUOTED_INCLUDE_IN_FRAMEWORK_HEADER = YES;
				CLANG_WARN_RANGE_LOOP_ANALYSIS = YES;
				CLANG_WARN_STRICT_PROTOTYPES = YES;
				CLANG_WARN_SUSPICIOUS_MOVE = YES;
				CLANG_WARN_UNGUARDED_AVAILABILITY = YES_AGGRESSIVE;
				CLANG_WARN_UNREACHABLE_CODE = YES;
				CLANG_WARN__DUPLICATE_METHOD_MATCH = YES;
				COPY_PHASE_STRIP = NO;
				CURRENT_PROJECT_VERSION = 1;
				DEBUG_INFORMATION_FORMAT = "dwarf-with-dsym";
				ENABLE_NS_ASSERTIONS = NO;
				ENABLE_STRICT_OBJC_MSGSEND = YES;
				GCC_C_LANGUAGE_STANDARD = gnu11;
				GCC_NO_COMMON_BLOCKS = YES;
				GCC_WARN_64_TO_32_BIT_CONVERSION = YES;
				GCC_WARN_ABOUT_RETURN_TYPE = YES_ERROR;
				GCC_WARN_UNDECLARED_SELECTOR = YES;
				GCC_WARN_UNINITIALIZED_AUTOS = YES_AGGRESSIVE;
				GCC_WARN_UNUSED_FUNCTION = YES;
				GCC_WARN_UNUSED_VARIABLE = YES;
				MACOSX_DEPLOYMENT_TARGET = 10.15;
				MTL_ENABLE_DEBUG_INFO = NO;
				MTL_FAST_MATH = YES;
				SDKROOT = macosx;
				SWIFT_COMPILATION_MODE = wholemodule;
				SWIFT_OPTIMIZATION_LEVEL = "-O";
				VERSIONING_SYSTEM = "apple-generic";
				VERSION_INFO_PREFIX = "";
			};
			name = Release;
		};
		842369BD24FEC2BC001266BE /* Debug */ = {
			isa = XCBuildConfiguration;
			buildSettings = {
				CLANG_ALLOW_NON_MODULAR_INCLUDES_IN_FRAMEWORK_MODULES = YES;
				CODE_SIGN_STYLE = Automatic;
				COMBINE_HIDPI_IMAGES = YES;
				DEFINES_MODULE = YES;
				DEVELOPMENT_TEAM = NL76446BRD;
				DYLIB_COMPATIBILITY_VERSION = 1;
				DYLIB_CURRENT_VERSION = 1;
				DYLIB_INSTALL_NAME_BASE = "@rpath";
				INFOPLIST_FILE = AudioFramework/Info.plist;
				INSTALL_PATH = "$(LOCAL_LIBRARY_DIR)/Frameworks";
				LD_RUNPATH_SEARCH_PATHS = (
					"$(inherited)",
					"@executable_path/../Frameworks",
					"@loader_path/Frameworks",
				);
				PRODUCT_BUNDLE_IDENTIFIER = UltraMusician.AudioFramework;
				PRODUCT_NAME = "$(TARGET_NAME:c99extidentifier)";
				SKIP_INSTALL = YES;
				SWIFT_OBJC_BRIDGING_HEADER = "";
				SWIFT_VERSION = 5.0;
			};
			name = Debug;
		};
		842369BE24FEC2BC001266BE /* Release */ = {
			isa = XCBuildConfiguration;
			buildSettings = {
				CLANG_ALLOW_NON_MODULAR_INCLUDES_IN_FRAMEWORK_MODULES = YES;
				CODE_SIGN_STYLE = Automatic;
				COMBINE_HIDPI_IMAGES = YES;
				DEFINES_MODULE = YES;
				DEVELOPMENT_TEAM = NL76446BRD;
				DYLIB_COMPATIBILITY_VERSION = 1;
				DYLIB_CURRENT_VERSION = 1;
				DYLIB_INSTALL_NAME_BASE = "@rpath";
				INFOPLIST_FILE = AudioFramework/Info.plist;
				INSTALL_PATH = "$(LOCAL_LIBRARY_DIR)/Frameworks";
				LD_RUNPATH_SEARCH_PATHS = (
					"$(inherited)",
					"@executable_path/../Frameworks",
					"@loader_path/Frameworks",
				);
				PRODUCT_BUNDLE_IDENTIFIER = UltraMusician.AudioFramework;
				PRODUCT_NAME = "$(TARGET_NAME:c99extidentifier)";
				SKIP_INSTALL = YES;
				SWIFT_OBJC_BRIDGING_HEADER = "";
				SWIFT_VERSION = 5.0;
			};
			name = Release;
		};
		842369C024FEC2BC001266BE /* Debug */ = {
			isa = XCBuildConfiguration;
			buildSettings = {
				ALWAYS_EMBED_SWIFT_STANDARD_LIBRARIES = YES;
				CODE_SIGN_STYLE = Automatic;
				COMBINE_HIDPI_IMAGES = YES;
				DEVELOPMENT_TEAM = NL76446BRD;
				INFOPLIST_FILE = AudioFrameworkTests/Info.plist;
				LD_RUNPATH_SEARCH_PATHS = (
					"$(inherited)",
					"@executable_path/../Frameworks",
					"@loader_path/../Frameworks",
				);
				PRODUCT_BUNDLE_IDENTIFIER = UltraMusician.AudioFrameworkTests;
				PRODUCT_NAME = "$(TARGET_NAME)";
				SWIFT_VERSION = 5.0;
			};
			name = Debug;
		};
		842369C124FEC2BC001266BE /* Release */ = {
			isa = XCBuildConfiguration;
			buildSettings = {
				ALWAYS_EMBED_SWIFT_STANDARD_LIBRARIES = YES;
				CODE_SIGN_STYLE = Automatic;
				COMBINE_HIDPI_IMAGES = YES;
				DEVELOPMENT_TEAM = NL76446BRD;
				INFOPLIST_FILE = AudioFrameworkTests/Info.plist;
				LD_RUNPATH_SEARCH_PATHS = (
					"$(inherited)",
					"@executable_path/../Frameworks",
					"@loader_path/../Frameworks",
				);
				PRODUCT_BUNDLE_IDENTIFIER = UltraMusician.AudioFrameworkTests;
				PRODUCT_NAME = "$(TARGET_NAME)";
				SWIFT_VERSION = 5.0;
			};
			name = Release;
		};
		84ACE0412519100B003963FD /* Debug */ = {
			isa = XCBuildConfiguration;
			buildSettings = {
				ALWAYS_EMBED_SWIFT_STANDARD_LIBRARIES = YES;
				ASSETCATALOG_COMPILER_APPICON_NAME = AppIcon;
				CODE_SIGN_ENTITLEMENTS = AudioFrameworkDemo/AudioFrameworkDemo.entitlements;
				CODE_SIGN_IDENTITY = "Apple Development";
				CODE_SIGN_STYLE = Automatic;
				COMBINE_HIDPI_IMAGES = YES;
				DEVELOPMENT_TEAM = NL76446BRD;
				ENABLE_HARDENED_RUNTIME = YES;
				INFOPLIST_FILE = AudioFrameworkDemo/Info.plist;
				LD_RUNPATH_SEARCH_PATHS = (
					"$(inherited)",
					"@executable_path/../Frameworks",
				);
				PRODUCT_BUNDLE_IDENTIFIER = UltraMusician.AudioFrameworkDemo;
				PRODUCT_NAME = "$(TARGET_NAME)";
				SWIFT_VERSION = 5.0;
			};
			name = Debug;
		};
		84ACE0422519100B003963FD /* Release */ = {
			isa = XCBuildConfiguration;
			buildSettings = {
				ALWAYS_EMBED_SWIFT_STANDARD_LIBRARIES = YES;
				ASSETCATALOG_COMPILER_APPICON_NAME = AppIcon;
				CODE_SIGN_ENTITLEMENTS = AudioFrameworkDemo/AudioFrameworkDemo.entitlements;
				CODE_SIGN_IDENTITY = "Apple Development";
				CODE_SIGN_STYLE = Automatic;
				COMBINE_HIDPI_IMAGES = YES;
				DEVELOPMENT_TEAM = NL76446BRD;
				ENABLE_HARDENED_RUNTIME = YES;
				INFOPLIST_FILE = AudioFrameworkDemo/Info.plist;
				LD_RUNPATH_SEARCH_PATHS = (
					"$(inherited)",
					"@executable_path/../Frameworks",
				);
				PRODUCT_BUNDLE_IDENTIFIER = UltraMusician.AudioFrameworkDemo;
				PRODUCT_NAME = "$(TARGET_NAME)";
				SWIFT_VERSION = 5.0;
			};
			name = Release;
		};
		84ACE0442519100B003963FD /* Debug */ = {
			isa = XCBuildConfiguration;
			buildSettings = {
				ALWAYS_EMBED_SWIFT_STANDARD_LIBRARIES = YES;
				BUNDLE_LOADER = "$(TEST_HOST)";
				CODE_SIGN_STYLE = Automatic;
				COMBINE_HIDPI_IMAGES = YES;
				DEVELOPMENT_TEAM = NL76446BRD;
				INFOPLIST_FILE = AudioFrameworkDemoTests/Info.plist;
				LD_RUNPATH_SEARCH_PATHS = (
					"$(inherited)",
					"@executable_path/../Frameworks",
					"@loader_path/../Frameworks",
				);
				MACOSX_DEPLOYMENT_TARGET = 10.15;
				PRODUCT_BUNDLE_IDENTIFIER = UltraMusician.AudioFrameworkDemoTests;
				PRODUCT_NAME = "$(TARGET_NAME)";
				SWIFT_VERSION = 5.0;
				TEST_HOST = "$(BUILT_PRODUCTS_DIR)/AudioFrameworkDemo.app/Contents/MacOS/AudioFrameworkDemo";
			};
			name = Debug;
		};
		84ACE0452519100B003963FD /* Release */ = {
			isa = XCBuildConfiguration;
			buildSettings = {
				ALWAYS_EMBED_SWIFT_STANDARD_LIBRARIES = YES;
				BUNDLE_LOADER = "$(TEST_HOST)";
				CODE_SIGN_STYLE = Automatic;
				COMBINE_HIDPI_IMAGES = YES;
				DEVELOPMENT_TEAM = NL76446BRD;
				INFOPLIST_FILE = AudioFrameworkDemoTests/Info.plist;
				LD_RUNPATH_SEARCH_PATHS = (
					"$(inherited)",
					"@executable_path/../Frameworks",
					"@loader_path/../Frameworks",
				);
				MACOSX_DEPLOYMENT_TARGET = 10.15;
				PRODUCT_BUNDLE_IDENTIFIER = UltraMusician.AudioFrameworkDemoTests;
				PRODUCT_NAME = "$(TARGET_NAME)";
				SWIFT_VERSION = 5.0;
				TEST_HOST = "$(BUILT_PRODUCTS_DIR)/AudioFrameworkDemo.app/Contents/MacOS/AudioFrameworkDemo";
			};
			name = Release;
		};
/* End XCBuildConfiguration section */

/* Begin XCConfigurationList section */
		842369A224FEC2BC001266BE /* Build configuration list for PBXProject "AudioFramework" */ = {
			isa = XCConfigurationList;
			buildConfigurations = (
				842369BA24FEC2BC001266BE /* Debug */,
				842369BB24FEC2BC001266BE /* Release */,
			);
			defaultConfigurationIsVisible = 0;
			defaultConfigurationName = Release;
		};
		842369BC24FEC2BC001266BE /* Build configuration list for PBXNativeTarget "AudioFramework" */ = {
			isa = XCConfigurationList;
			buildConfigurations = (
				842369BD24FEC2BC001266BE /* Debug */,
				842369BE24FEC2BC001266BE /* Release */,
			);
			defaultConfigurationIsVisible = 0;
			defaultConfigurationName = Release;
		};
		842369BF24FEC2BC001266BE /* Build configuration list for PBXNativeTarget "AudioFrameworkTests" */ = {
			isa = XCConfigurationList;
			buildConfigurations = (
				842369C024FEC2BC001266BE /* Debug */,
				842369C124FEC2BC001266BE /* Release */,
			);
			defaultConfigurationIsVisible = 0;
			defaultConfigurationName = Release;
		};
		84ACE0402519100B003963FD /* Build configuration list for PBXNativeTarget "AudioFrameworkDemo" */ = {
			isa = XCConfigurationList;
			buildConfigurations = (
				84ACE0412519100B003963FD /* Debug */,
				84ACE0422519100B003963FD /* Release */,
			);
			defaultConfigurationIsVisible = 0;
			defaultConfigurationName = Release;
		};
		84ACE0432519100B003963FD /* Build configuration list for PBXNativeTarget "AudioFrameworkDemoTests" */ = {
			isa = XCConfigurationList;
			buildConfigurations = (
				84ACE0442519100B003963FD /* Debug */,
				84ACE0452519100B003963FD /* Release */,
			);
			defaultConfigurationIsVisible = 0;
			defaultConfigurationName = Release;
		};
/* End XCConfigurationList section */

/* Begin XCVersionGroup section */
		84ACE02B25191008003963FD /* AudioFrameworkDemo.xcdatamodeld */ = {
			isa = XCVersionGroup;
			children = (
				84ACE02C25191008003963FD /* AudioFrameworkDemo.xcdatamodel */,
			);
			currentVersion = 84ACE02C25191008003963FD /* AudioFrameworkDemo.xcdatamodel */;
			path = AudioFrameworkDemo.xcdatamodeld;
			sourceTree = "<group>";
			versionGroupType = wrapper.xcdatamodel;
		};
/* End XCVersionGroup section */
	};
	rootObject = 8423699F24FEC2BC001266BE /* Project object */;
}
