// !$*UTF8*$!
{
	archiveVersion = 1;
	classes = {
	};
	objectVersion = 50;
	objects = {

/* Begin PBXBuildFile section */
		84070C5924FF5D5900E572E7 /* ChannelCollectionViewItem.swift in Sources */ = {isa = PBXBuildFile; fileRef = 84070C5124FF5D5900E572E7 /* ChannelCollectionViewItem.swift */; };
		84070C5A24FF5D5900E572E7 /* ChannelRouter.swift in Sources */ = {isa = PBXBuildFile; fileRef = 84070C5224FF5D5900E572E7 /* ChannelRouter.swift */; };
		84070C5C24FF5D5900E572E7 /* ChannelCollectionViewItem.xib in Resources */ = {isa = PBXBuildFile; fileRef = 84070C5424FF5D5900E572E7 /* ChannelCollectionViewItem.xib */; };
		84070C5D24FF5D5900E572E7 /* ChannelDelegates.swift in Sources */ = {isa = PBXBuildFile; fileRef = 84070C5524FF5D5900E572E7 /* ChannelDelegates.swift */; };
		84070C5E24FF5D5900E572E7 /* MixerViewController.swift in Sources */ = {isa = PBXBuildFile; fileRef = 84070C5624FF5D5900E572E7 /* MixerViewController.swift */; };
		841D0A7A24FED209008F6305 /* AudioFileConverter.swift in Sources */ = {isa = PBXBuildFile; fileRef = 841D0A7824FED209008F6305 /* AudioFileConverter.swift */; };
		841D0A7C24FED216008F6305 /* AudioFileConverter.swift in Sources */ = {isa = PBXBuildFile; fileRef = 841D0A7824FED209008F6305 /* AudioFileConverter.swift */; };
		841D0A8624FED796008F6305 /* AudioControllerDelegate.swift in Sources */ = {isa = PBXBuildFile; fileRef = 841D0A8524FED796008F6305 /* AudioControllerDelegate.swift */; };
		841E57D3251C262F009B7E7C /* AudioExporter.swift in Sources */ = {isa = PBXBuildFile; fileRef = 841E57D2251C262F009B7E7C /* AudioExporter.swift */; };
		841E57D4251C262F009B7E7C /* AudioExporter.swift in Sources */ = {isa = PBXBuildFile; fileRef = 841E57D2251C262F009B7E7C /* AudioExporter.swift */; };
		841E57D5251C262F009B7E7C /* AudioExporter.swift in Sources */ = {isa = PBXBuildFile; fileRef = 841E57D2251C262F009B7E7C /* AudioExporter.swift */; };
		841E57D6251C262F009B7E7C /* AudioExporter.swift in Sources */ = {isa = PBXBuildFile; fileRef = 841E57D2251C262F009B7E7C /* AudioExporter.swift */; };
		841E57FD251D9D11009B7E7C /* StemCreatorViewController2.swift in Sources */ = {isa = PBXBuildFile; fileRef = 841E57FB251D9D11009B7E7C /* StemCreatorViewController2.swift */; };
		841E57FE251D9D11009B7E7C /* StemCreatorViewController2.swift in Sources */ = {isa = PBXBuildFile; fileRef = 841E57FB251D9D11009B7E7C /* StemCreatorViewController2.swift */; };
		842369B224FEC2BC001266BE /* AudioFramework.framework in Frameworks */ = {isa = PBXBuildFile; fileRef = 842369A824FEC2BC001266BE /* AudioFramework.framework */; };
		842369B724FEC2BC001266BE /* AudioFrameworkTests.swift in Sources */ = {isa = PBXBuildFile; fileRef = 842369B624FEC2BC001266BE /* AudioFrameworkTests.swift */; };
		842369B924FEC2BC001266BE /* AudioFramework.h in Headers */ = {isa = PBXBuildFile; fileRef = 842369AB24FEC2BC001266BE /* AudioFramework.h */; settings = {ATTRIBUTES = (Public, ); }; };
		842369E924FEC44C001266BE /* AudioComponentDescriptionExtension.swift in Sources */ = {isa = PBXBuildFile; fileRef = 842369CA24FEC44C001266BE /* AudioComponentDescriptionExtension.swift */; };
		842369EA24FEC44C001266BE /* AudioComponentDescriptionExtension.swift in Sources */ = {isa = PBXBuildFile; fileRef = 842369CA24FEC44C001266BE /* AudioComponentDescriptionExtension.swift */; };
		842369ED24FEC44C001266BE /* VirtualInstrumentHost.swift in Sources */ = {isa = PBXBuildFile; fileRef = 842369CE24FEC44C001266BE /* VirtualInstrumentHost.swift */; };
		842369EE24FEC44C001266BE /* VirtualInstrumentHost.swift in Sources */ = {isa = PBXBuildFile; fileRef = 842369CE24FEC44C001266BE /* VirtualInstrumentHost.swift */; };
		842369EF24FEC44C001266BE /* AudioUnit3Host.swift in Sources */ = {isa = PBXBuildFile; fileRef = 842369CF24FEC44C001266BE /* AudioUnit3Host.swift */; };
		842369F024FEC44C001266BE /* AudioUnit3Host.swift in Sources */ = {isa = PBXBuildFile; fileRef = 842369CF24FEC44C001266BE /* AudioUnit3Host.swift */; };
		842369F524FEC44C001266BE /* AudioController.swift in Sources */ = {isa = PBXBuildFile; fileRef = 842369D224FEC44C001266BE /* AudioController.swift */; };
		842369F624FEC44C001266BE /* AudioController.swift in Sources */ = {isa = PBXBuildFile; fileRef = 842369D224FEC44C001266BE /* AudioController.swift */; };
		842369F724FEC44C001266BE /* PluginData.swift in Sources */ = {isa = PBXBuildFile; fileRef = 842369D424FEC44C001266BE /* PluginData.swift */; };
		842369F824FEC44C001266BE /* PluginData.swift in Sources */ = {isa = PBXBuildFile; fileRef = 842369D424FEC44C001266BE /* PluginData.swift */; };
		842369F924FEC44C001266BE /* AudioUnitInstance.swift in Sources */ = {isa = PBXBuildFile; fileRef = 842369D724FEC44C001266BE /* AudioUnitInstance.swift */; };
		842369FA24FEC44C001266BE /* AudioUnitInstance.swift in Sources */ = {isa = PBXBuildFile; fileRef = 842369D724FEC44C001266BE /* AudioUnitInstance.swift */; };
		842369FB24FEC44C001266BE /* AudioToolboxHelpers.m in Sources */ = {isa = PBXBuildFile; fileRef = 842369D824FEC44C001266BE /* AudioToolboxHelpers.m */; };
		842369FD24FEC44C001266BE /* NSError+OSStatus.swift in Sources */ = {isa = PBXBuildFile; fileRef = 842369D924FEC44C001266BE /* NSError+OSStatus.swift */; };
		842369FE24FEC44C001266BE /* NSError+OSStatus.swift in Sources */ = {isa = PBXBuildFile; fileRef = 842369D924FEC44C001266BE /* NSError+OSStatus.swift */; };
		842369FF24FEC44C001266BE /* AudioUnitGraph.swift in Sources */ = {isa = PBXBuildFile; fileRef = 842369DA24FEC44C001266BE /* AudioUnitGraph.swift */; };
		84236A0024FEC44C001266BE /* AudioUnitGraph.swift in Sources */ = {isa = PBXBuildFile; fileRef = 842369DA24FEC44C001266BE /* AudioUnitGraph.swift */; };
		84236A0224FEC44C001266BE /* AudioToolboxHelpers.h in Headers */ = {isa = PBXBuildFile; fileRef = 842369DC24FEC44C001266BE /* AudioToolboxHelpers.h */; settings = {ATTRIBUTES = (Public, ); }; };
		8429DB65251FAA7600ADE7B0 /* StemRowView.swift in Sources */ = {isa = PBXBuildFile; fileRef = 8429DB64251FAA7600ADE7B0 /* StemRowView.swift */; };
		8429DB66251FAA7600ADE7B0 /* StemRowView.swift in Sources */ = {isa = PBXBuildFile; fileRef = 8429DB64251FAA7600ADE7B0 /* StemRowView.swift */; };
		8429DB6A251FB36600ADE7B0 /* StemCell.swift in Sources */ = {isa = PBXBuildFile; fileRef = 8429DB69251FB36600ADE7B0 /* StemCell.swift */; };
		8429DB6B251FB36600ADE7B0 /* StemCell.swift in Sources */ = {isa = PBXBuildFile; fileRef = 8429DB69251FB36600ADE7B0 /* StemCell.swift */; };
		8429DB6F251FCEC700ADE7B0 /* StemCheckboxDelegate.swift in Sources */ = {isa = PBXBuildFile; fileRef = 8429DB6E251FCEC700ADE7B0 /* StemCheckboxDelegate.swift */; };
		8429DB70251FCEC700ADE7B0 /* StemCheckboxDelegate.swift in Sources */ = {isa = PBXBuildFile; fileRef = 8429DB6E251FCEC700ADE7B0 /* StemCheckboxDelegate.swift */; };
		8429DB832520012900ADE7B0 /* StemCreatorDelegate.swift in Sources */ = {isa = PBXBuildFile; fileRef = 8429DB822520012900ADE7B0 /* StemCreatorDelegate.swift */; };
		8429DB842520012900ADE7B0 /* StemCreatorDelegate.swift in Sources */ = {isa = PBXBuildFile; fileRef = 8429DB822520012900ADE7B0 /* StemCreatorDelegate.swift */; };
		8429DB8F25200D0700ADE7B0 /* AudioFramework.framework in Embed Frameworks */ = {isa = PBXBuildFile; fileRef = 842369A824FEC2BC001266BE /* AudioFramework.framework */; settings = {ATTRIBUTES = (CodeSignOnCopy, RemoveHeadersOnCopy, ); }; };
		8429DB90252011EA00ADE7B0 /* StemCreator.swift in Sources */ = {isa = PBXBuildFile; fileRef = 8429DB7D2520011B00ADE7B0 /* StemCreator.swift */; };
		8429DB91252011EC00ADE7B0 /* StemCreator.swift in Sources */ = {isa = PBXBuildFile; fileRef = 8429DB7D2520011B00ADE7B0 /* StemCreator.swift */; };
		8429DB95252017AD00ADE7B0 /* StemCreatorViewController2.xib in Resources */ = {isa = PBXBuildFile; fileRef = 8429DB94252017AD00ADE7B0 /* StemCreatorViewController2.xib */; };
		8429DB96252017AD00ADE7B0 /* StemCreatorViewController2.xib in Resources */ = {isa = PBXBuildFile; fileRef = 8429DB94252017AD00ADE7B0 /* StemCreatorViewController2.xib */; };
		8429DB97252017AD00ADE7B0 /* StemCreatorViewController2.xib in Resources */ = {isa = PBXBuildFile; fileRef = 8429DB94252017AD00ADE7B0 /* StemCreatorViewController2.xib */; };
		8429DB98252017AD00ADE7B0 /* StemCreatorViewController2.xib in Resources */ = {isa = PBXBuildFile; fileRef = 8429DB94252017AD00ADE7B0 /* StemCreatorViewController2.xib */; };
		843D4189251E661200E57CF5 /* AppDelegate.swift in Sources */ = {isa = PBXBuildFile; fileRef = 84ACE02725191008003963FD /* AppDelegate.swift */; };
		843FD47525068E9200189936 /* ChannelController.swift in Sources */ = {isa = PBXBuildFile; fileRef = 843FD47425068E9200189936 /* ChannelController.swift */; };
		843FD4822506A3B500189936 /* AudioModel.swift in Sources */ = {isa = PBXBuildFile; fileRef = 843FD4812506A3B500189936 /* AudioModel.swift */; };
		843FD4832506A3B500189936 /* AudioModel.swift in Sources */ = {isa = PBXBuildFile; fileRef = 843FD4812506A3B500189936 /* AudioModel.swift */; };
		845958932513C03B0091A43E /* ChannelSettable.swift in Sources */ = {isa = PBXBuildFile; fileRef = 845958922513C03B0091A43E /* ChannelSettable.swift */; };
		845958942513C03B0091A43E /* ChannelSettable.swift in Sources */ = {isa = PBXBuildFile; fileRef = 845958922513C03B0091A43E /* ChannelSettable.swift */; };
		8459589B251436F20091A43E /* SendData.swift in Sources */ = {isa = PBXBuildFile; fileRef = 8459589A251436F20091A43E /* SendData.swift */; };
		8459589C251436F20091A43E /* SendData.swift in Sources */ = {isa = PBXBuildFile; fileRef = 8459589A251436F20091A43E /* SendData.swift */; };
		8460307B250803FA00CB9844 /* ChannelPluginData.swift in Sources */ = {isa = PBXBuildFile; fileRef = 8460307A250803FA00CB9844 /* ChannelPluginData.swift */; };
		8479715624FFE66600AAC4A3 /* MixerFillView.swift in Sources */ = {isa = PBXBuildFile; fileRef = 8479715524FFE66600AAC4A3 /* MixerFillView.swift */; };
		8487F51925111FC1003DC1D6 /* AuxChannelController.swift in Sources */ = {isa = PBXBuildFile; fileRef = 8487F51825111FC1003DC1D6 /* AuxChannelController.swift */; };
		8487F51A25111FC1003DC1D6 /* AuxChannelController.swift in Sources */ = {isa = PBXBuildFile; fileRef = 8487F51825111FC1003DC1D6 /* AuxChannelController.swift */; };
		8490E8B3251BBDC000F471EE /* Rhythm.caf in Resources */ = {isa = PBXBuildFile; fileRef = 8490E8B2251BBDC000F471EE /* Rhythm.caf */; };
		8490E8B4251BBDC000F471EE /* Rhythm.caf in Resources */ = {isa = PBXBuildFile; fileRef = 8490E8B2251BBDC000F471EE /* Rhythm.caf */; };
		849C6B89251A653300164DE1 /* Demo.swift in Sources */ = {isa = PBXBuildFile; fileRef = 849C6B88251A653300164DE1 /* Demo.swift */; };
		849C6B8A251A653300164DE1 /* Demo.swift in Sources */ = {isa = PBXBuildFile; fileRef = 849C6B88251A653300164DE1 /* Demo.swift */; };
		849C6B8C251A66FF00164DE1 /* NotificationExtension.swift in Sources */ = {isa = PBXBuildFile; fileRef = 849C6B8B251A66FF00164DE1 /* NotificationExtension.swift */; };
		849C6B8D251A66FF00164DE1 /* NotificationExtension.swift in Sources */ = {isa = PBXBuildFile; fileRef = 849C6B8B251A66FF00164DE1 /* NotificationExtension.swift */; };
		849C6B90251A712800164DE1 /* test.mid in Resources */ = {isa = PBXBuildFile; fileRef = 849C6B8F251A712800164DE1 /* test.mid */; };
		849C6B91251A712800164DE1 /* test.mid in Resources */ = {isa = PBXBuildFile; fileRef = 849C6B8F251A712800164DE1 /* test.mid */; };
		849C6B94251A9A6E00164DE1 /* test.mid in Resources */ = {isa = PBXBuildFile; fileRef = 849C6B8F251A712800164DE1 /* test.mid */; };
		84A9AFDF25101ED500816F7F /* ChannelCollectionViewItem.swift in Sources */ = {isa = PBXBuildFile; fileRef = 84070C5124FF5D5900E572E7 /* ChannelCollectionViewItem.swift */; };
		84A9AFE025101ED500816F7F /* ChannelCollectionViewItem.xib in Resources */ = {isa = PBXBuildFile; fileRef = 84070C5424FF5D5900E572E7 /* ChannelCollectionViewItem.xib */; };
		84A9AFE125101ED500816F7F /* ChannelController.swift in Sources */ = {isa = PBXBuildFile; fileRef = 843FD47425068E9200189936 /* ChannelController.swift */; };
		84A9AFE225101ED500816F7F /* InstrumentChannelController.swift in Sources */ = {isa = PBXBuildFile; fileRef = 84A9CF32250D4E5A0065A7CC /* InstrumentChannelController.swift */; };
		84A9AFE325101ED500816F7F /* MasterChannelController.swift in Sources */ = {isa = PBXBuildFile; fileRef = 84A9CF22250D35F70065A7CC /* MasterChannelController.swift */; };
		84A9AFE425101ED500816F7F /* ChannelPluginData.swift in Sources */ = {isa = PBXBuildFile; fileRef = 8460307A250803FA00CB9844 /* ChannelPluginData.swift */; };
		84A9AFE525101ED500816F7F /* ChannelRouter.swift in Sources */ = {isa = PBXBuildFile; fileRef = 84070C5224FF5D5900E572E7 /* ChannelRouter.swift */; };
		84A9AFE925101ED500816F7F /* ChannelDelegates.swift in Sources */ = {isa = PBXBuildFile; fileRef = 84070C5524FF5D5900E572E7 /* ChannelDelegates.swift */; };
		84A9AFEA25101ED500816F7F /* MixerFillView.swift in Sources */ = {isa = PBXBuildFile; fileRef = 8479715524FFE66600AAC4A3 /* MixerFillView.swift */; };
		84A9AFEB25101ED500816F7F /* MixerViewController.swift in Sources */ = {isa = PBXBuildFile; fileRef = 84070C5624FF5D5900E572E7 /* MixerViewController.swift */; };
		84A9AFEC25101EDB00816F7F /* AudioControllerDelegate.swift in Sources */ = {isa = PBXBuildFile; fileRef = 841D0A8524FED796008F6305 /* AudioControllerDelegate.swift */; };
		84A9AFED25101F1C00816F7F /* AudioToolboxHelpers.m in Sources */ = {isa = PBXBuildFile; fileRef = 842369D824FEC44C001266BE /* AudioToolboxHelpers.m */; };
		84A9CF20250C25680065A7CC /* AudioUnitPassthrough.swift in Sources */ = {isa = PBXBuildFile; fileRef = 84A9CF1F250C25680065A7CC /* AudioUnitPassthrough.swift */; };
		84A9CF21250C25680065A7CC /* AudioUnitPassthrough.swift in Sources */ = {isa = PBXBuildFile; fileRef = 84A9CF1F250C25680065A7CC /* AudioUnitPassthrough.swift */; };
		84A9CF23250D35F70065A7CC /* MasterChannelController.swift in Sources */ = {isa = PBXBuildFile; fileRef = 84A9CF22250D35F70065A7CC /* MasterChannelController.swift */; };
		84A9CF33250D4E5A0065A7CC /* InstrumentChannelController.swift in Sources */ = {isa = PBXBuildFile; fileRef = 84A9CF32250D4E5A0065A7CC /* InstrumentChannelController.swift */; };
		84A9CF58250D93D50065A7CC /* AudioNodeFactory.swift in Sources */ = {isa = PBXBuildFile; fileRef = 84A9CF57250D93D50065A7CC /* AudioNodeFactory.swift */; };
		84A9CF59250D93D50065A7CC /* AudioNodeFactory.swift in Sources */ = {isa = PBXBuildFile; fileRef = 84A9CF57250D93D50065A7CC /* AudioNodeFactory.swift */; };
		84ACDFDE25166219003963FD /* PluginSelection.swift in Sources */ = {isa = PBXBuildFile; fileRef = 84ACDFDD25166219003963FD /* PluginSelection.swift */; };
		84ACDFDF25166219003963FD /* PluginSelection.swift in Sources */ = {isa = PBXBuildFile; fileRef = 84ACDFDD25166219003963FD /* PluginSelection.swift */; };
		84ACE02825191008003963FD /* AppDelegate.swift in Sources */ = {isa = PBXBuildFile; fileRef = 84ACE02725191008003963FD /* AppDelegate.swift */; };
		84ACE02A25191008003963FD /* ViewController.swift in Sources */ = {isa = PBXBuildFile; fileRef = 84ACE02925191008003963FD /* ViewController.swift */; };
		84ACE02D25191008003963FD /* AudioFrameworkDemo.xcdatamodeld in Sources */ = {isa = PBXBuildFile; fileRef = 84ACE02B25191008003963FD /* AudioFrameworkDemo.xcdatamodeld */; };
		84ACE02F2519100B003963FD /* Assets.xcassets in Resources */ = {isa = PBXBuildFile; fileRef = 84ACE02E2519100B003963FD /* Assets.xcassets */; };
		84ACE0322519100B003963FD /* Main.storyboard in Resources */ = {isa = PBXBuildFile; fileRef = 84ACE0302519100B003963FD /* Main.storyboard */; };
		84ACE03E2519100B003963FD /* AudioFrameworkDemoTests.swift in Sources */ = {isa = PBXBuildFile; fileRef = 84ACE03D2519100B003963FD /* AudioFrameworkDemoTests.swift */; };
		84ACE047251910B4003963FD /* AudioFramework.framework in Frameworks */ = {isa = PBXBuildFile; fileRef = 842369A824FEC2BC001266BE /* AudioFramework.framework */; };
		84D0AB5B251EB8DF0093A081 /* StemCreatorModel.swift in Sources */ = {isa = PBXBuildFile; fileRef = 84D0AB5A251EB8DF0093A081 /* StemCreatorModel.swift */; };
		84D0AB5C251EB8DF0093A081 /* StemCreatorModel.swift in Sources */ = {isa = PBXBuildFile; fileRef = 84D0AB5A251EB8DF0093A081 /* StemCreatorModel.swift */; };
		84D0AB5E251EB9210093A081 /* StemModel.swift in Sources */ = {isa = PBXBuildFile; fileRef = 84D0AB5D251EB9210093A081 /* StemModel.swift */; };
		84D0AB5F251EB9210093A081 /* StemModel.swift in Sources */ = {isa = PBXBuildFile; fileRef = 84D0AB5D251EB9210093A081 /* StemModel.swift */; };
		84D0AB6A251EDAD50093A081 /* AudioFileConverter.swift in Sources */ = {isa = PBXBuildFile; fileRef = 841D0A7824FED209008F6305 /* AudioFileConverter.swift */; };
		84D0AB6B251EDAD60093A081 /* AudioFileConverter.swift in Sources */ = {isa = PBXBuildFile; fileRef = 841D0A7824FED209008F6305 /* AudioFileConverter.swift */; };
		84ECFA12251E632F007386D1 /* StemViewDelegate.swift in Sources */ = {isa = PBXBuildFile; fileRef = 84ECFA11251E632F007386D1 /* StemViewDelegate.swift */; };
		84ECFA13251E632F007386D1 /* StemViewDelegate.swift in Sources */ = {isa = PBXBuildFile; fileRef = 84ECFA11251E632F007386D1 /* StemViewDelegate.swift */; };
/* End PBXBuildFile section */

/* Begin PBXContainerItemProxy section */
		842369B324FEC2BC001266BE /* PBXContainerItemProxy */ = {
			isa = PBXContainerItemProxy;
			containerPortal = 8423699F24FEC2BC001266BE /* Project object */;
			proxyType = 1;
			remoteGlobalIDString = 842369A724FEC2BC001266BE;
			remoteInfo = AudioFramework;
		};
		84ACE03A2519100B003963FD /* PBXContainerItemProxy */ = {
			isa = PBXContainerItemProxy;
			containerPortal = 8423699F24FEC2BC001266BE /* Project object */;
			proxyType = 1;
			remoteGlobalIDString = 84ACE02425191008003963FD;
			remoteInfo = AudioFrameworkDemo;
		};
		84ACE049251910B4003963FD /* PBXContainerItemProxy */ = {
			isa = PBXContainerItemProxy;
			containerPortal = 8423699F24FEC2BC001266BE /* Project object */;
			proxyType = 1;
			remoteGlobalIDString = 842369A724FEC2BC001266BE;
			remoteInfo = AudioFramework;
		};
/* End PBXContainerItemProxy section */

/* Begin PBXCopyFilesBuildPhase section */
		84ACE04B251910B5003963FD /* Embed Frameworks */ = {
			isa = PBXCopyFilesBuildPhase;
			buildActionMask = 2147483647;
			dstPath = "";
			dstSubfolderSpec = 10;
			files = (
				8429DB8F25200D0700ADE7B0 /* AudioFramework.framework in Embed Frameworks */,
			);
			name = "Embed Frameworks";
			runOnlyForDeploymentPostprocessing = 0;
		};
/* End PBXCopyFilesBuildPhase section */

/* Begin PBXFileReference section */
		84070C5124FF5D5900E572E7 /* ChannelCollectionViewItem.swift */ = {isa = PBXFileReference; fileEncoding = 4; lastKnownFileType = sourcecode.swift; path = ChannelCollectionViewItem.swift; sourceTree = "<group>"; };
		84070C5224FF5D5900E572E7 /* ChannelRouter.swift */ = {isa = PBXFileReference; fileEncoding = 4; lastKnownFileType = sourcecode.swift; path = ChannelRouter.swift; sourceTree = "<group>"; };
		84070C5424FF5D5900E572E7 /* ChannelCollectionViewItem.xib */ = {isa = PBXFileReference; fileEncoding = 4; lastKnownFileType = file.xib; path = ChannelCollectionViewItem.xib; sourceTree = "<group>"; };
		84070C5524FF5D5900E572E7 /* ChannelDelegates.swift */ = {isa = PBXFileReference; fileEncoding = 4; lastKnownFileType = sourcecode.swift; path = ChannelDelegates.swift; sourceTree = "<group>"; };
		84070C5624FF5D5900E572E7 /* MixerViewController.swift */ = {isa = PBXFileReference; fileEncoding = 4; lastKnownFileType = sourcecode.swift; path = MixerViewController.swift; sourceTree = "<group>"; };
		841D0A7824FED209008F6305 /* AudioFileConverter.swift */ = {isa = PBXFileReference; fileEncoding = 4; lastKnownFileType = sourcecode.swift; path = AudioFileConverter.swift; sourceTree = "<group>"; };
		841D0A8524FED796008F6305 /* AudioControllerDelegate.swift */ = {isa = PBXFileReference; lastKnownFileType = sourcecode.swift; path = AudioControllerDelegate.swift; sourceTree = "<group>"; };
		841E57D2251C262F009B7E7C /* AudioExporter.swift */ = {isa = PBXFileReference; lastKnownFileType = sourcecode.swift; path = AudioExporter.swift; sourceTree = "<group>"; };
		841E57F1251D8D27009B7E7C /* StemCreatorViewController.swift */ = {isa = PBXFileReference; lastKnownFileType = sourcecode.swift; path = StemCreatorViewController.swift; sourceTree = "<group>"; };
		841E57F2251D8D27009B7E7C /* StemCreatorViewController.xib */ = {isa = PBXFileReference; lastKnownFileType = file.xib; path = StemCreatorViewController.xib; sourceTree = "<group>"; };
		841E57FB251D9D11009B7E7C /* StemCreatorViewController2.swift */ = {isa = PBXFileReference; lastKnownFileType = sourcecode.swift; path = StemCreatorViewController2.swift; sourceTree = "<group>"; };
		841E5805251D9D91009B7E7C /* StemItem.swift */ = {isa = PBXFileReference; lastKnownFileType = sourcecode.swift; path = StemItem.swift; sourceTree = "<group>"; };
		841E5806251D9D91009B7E7C /* StemItem.xib */ = {isa = PBXFileReference; lastKnownFileType = file.xib; path = StemItem.xib; sourceTree = "<group>"; };
		841E580F251E4E68009B7E7C /* StemViewController.swift */ = {isa = PBXFileReference; lastKnownFileType = sourcecode.swift; path = StemViewController.swift; sourceTree = "<group>"; };
		842369A824FEC2BC001266BE /* AudioFramework.framework */ = {isa = PBXFileReference; explicitFileType = wrapper.framework; includeInIndex = 0; path = AudioFramework.framework; sourceTree = BUILT_PRODUCTS_DIR; };
		842369AB24FEC2BC001266BE /* AudioFramework.h */ = {isa = PBXFileReference; lastKnownFileType = sourcecode.c.h; path = AudioFramework.h; sourceTree = "<group>"; };
		842369AC24FEC2BC001266BE /* Info.plist */ = {isa = PBXFileReference; lastKnownFileType = text.plist.xml; path = Info.plist; sourceTree = "<group>"; };
		842369B124FEC2BC001266BE /* AudioFrameworkTests.xctest */ = {isa = PBXFileReference; explicitFileType = wrapper.cfbundle; includeInIndex = 0; path = AudioFrameworkTests.xctest; sourceTree = BUILT_PRODUCTS_DIR; };
		842369B624FEC2BC001266BE /* AudioFrameworkTests.swift */ = {isa = PBXFileReference; lastKnownFileType = sourcecode.swift; path = AudioFrameworkTests.swift; sourceTree = "<group>"; };
		842369B824FEC2BC001266BE /* Info.plist */ = {isa = PBXFileReference; lastKnownFileType = text.plist.xml; path = Info.plist; sourceTree = "<group>"; };
		842369CA24FEC44C001266BE /* AudioComponentDescriptionExtension.swift */ = {isa = PBXFileReference; fileEncoding = 4; lastKnownFileType = sourcecode.swift; path = AudioComponentDescriptionExtension.swift; sourceTree = "<group>"; };
		842369CE24FEC44C001266BE /* VirtualInstrumentHost.swift */ = {isa = PBXFileReference; fileEncoding = 4; lastKnownFileType = sourcecode.swift; path = VirtualInstrumentHost.swift; sourceTree = "<group>"; };
		842369CF24FEC44C001266BE /* AudioUnit3Host.swift */ = {isa = PBXFileReference; fileEncoding = 4; lastKnownFileType = sourcecode.swift; path = AudioUnit3Host.swift; sourceTree = "<group>"; };
		842369D224FEC44C001266BE /* AudioController.swift */ = {isa = PBXFileReference; fileEncoding = 4; lastKnownFileType = sourcecode.swift; path = AudioController.swift; sourceTree = "<group>"; };
		842369D424FEC44C001266BE /* PluginData.swift */ = {isa = PBXFileReference; fileEncoding = 4; lastKnownFileType = sourcecode.swift; path = PluginData.swift; sourceTree = "<group>"; };
		842369D724FEC44C001266BE /* AudioUnitInstance.swift */ = {isa = PBXFileReference; fileEncoding = 4; lastKnownFileType = sourcecode.swift; path = AudioUnitInstance.swift; sourceTree = "<group>"; };
		842369D824FEC44C001266BE /* AudioToolboxHelpers.m */ = {isa = PBXFileReference; fileEncoding = 4; lastKnownFileType = sourcecode.c.objc; path = AudioToolboxHelpers.m; sourceTree = "<group>"; };
		842369D924FEC44C001266BE /* NSError+OSStatus.swift */ = {isa = PBXFileReference; fileEncoding = 4; lastKnownFileType = sourcecode.swift; path = "NSError+OSStatus.swift"; sourceTree = "<group>"; };
		842369DA24FEC44C001266BE /* AudioUnitGraph.swift */ = {isa = PBXFileReference; fileEncoding = 4; lastKnownFileType = sourcecode.swift; path = AudioUnitGraph.swift; sourceTree = "<group>"; };
		842369DB24FEC44C001266BE /* AudioUnitInstrumentHost-Bridging-Header.h */ = {isa = PBXFileReference; fileEncoding = 4; lastKnownFileType = sourcecode.c.h; path = "AudioUnitInstrumentHost-Bridging-Header.h"; sourceTree = "<group>"; };
		842369DC24FEC44C001266BE /* AudioToolboxHelpers.h */ = {isa = PBXFileReference; fileEncoding = 4; lastKnownFileType = sourcecode.c.h; path = AudioToolboxHelpers.h; sourceTree = "<group>"; };
		8429DB64251FAA7600ADE7B0 /* StemRowView.swift */ = {isa = PBXFileReference; lastKnownFileType = sourcecode.swift; path = StemRowView.swift; sourceTree = "<group>"; };
		8429DB69251FB36600ADE7B0 /* StemCell.swift */ = {isa = PBXFileReference; lastKnownFileType = sourcecode.swift; path = StemCell.swift; sourceTree = "<group>"; };
		8429DB6E251FCEC700ADE7B0 /* StemCheckboxDelegate.swift */ = {isa = PBXFileReference; lastKnownFileType = sourcecode.swift; path = StemCheckboxDelegate.swift; sourceTree = "<group>"; };
		8429DB7D2520011B00ADE7B0 /* StemCreator.swift */ = {isa = PBXFileReference; lastKnownFileType = sourcecode.swift; path = StemCreator.swift; sourceTree = "<group>"; };
		8429DB822520012900ADE7B0 /* StemCreatorDelegate.swift */ = {isa = PBXFileReference; lastKnownFileType = sourcecode.swift; path = StemCreatorDelegate.swift; sourceTree = "<group>"; };
		8429DB94252017AD00ADE7B0 /* StemCreatorViewController2.xib */ = {isa = PBXFileReference; fileEncoding = 4; lastKnownFileType = file.xib; name = StemCreatorViewController2.xib; path = StemCreator/StemCreatorViewController2.xib; sourceTree = SOURCE_ROOT; };
		843D4190251E741200E57CF5 /* StemRowTitle.swift */ = {isa = PBXFileReference; lastKnownFileType = sourcecode.swift; path = StemRowTitle.swift; sourceTree = "<group>"; };
		843D4191251E741200E57CF5 /* StemRowTitle.xib */ = {isa = PBXFileReference; lastKnownFileType = file.xib; path = StemRowTitle.xib; sourceTree = "<group>"; };
		843D41A0251E802300E57CF5 /* StemGridView.swift */ = {isa = PBXFileReference; lastKnownFileType = sourcecode.swift; path = StemGridView.swift; sourceTree = "<group>"; };
		843FD47425068E9200189936 /* ChannelController.swift */ = {isa = PBXFileReference; lastKnownFileType = sourcecode.swift; path = ChannelController.swift; sourceTree = "<group>"; };
		843FD4812506A3B500189936 /* AudioModel.swift */ = {isa = PBXFileReference; lastKnownFileType = sourcecode.swift; path = AudioModel.swift; sourceTree = "<group>"; };
		845958922513C03B0091A43E /* ChannelSettable.swift */ = {isa = PBXFileReference; lastKnownFileType = sourcecode.swift; path = ChannelSettable.swift; sourceTree = "<group>"; };
		8459589A251436F20091A43E /* SendData.swift */ = {isa = PBXFileReference; lastKnownFileType = sourcecode.swift; path = SendData.swift; sourceTree = "<group>"; };
		8460307A250803FA00CB9844 /* ChannelPluginData.swift */ = {isa = PBXFileReference; lastKnownFileType = sourcecode.swift; path = ChannelPluginData.swift; sourceTree = "<group>"; };
		8479715524FFE66600AAC4A3 /* MixerFillView.swift */ = {isa = PBXFileReference; lastKnownFileType = sourcecode.swift; path = MixerFillView.swift; sourceTree = "<group>"; };
		8487F51825111FC1003DC1D6 /* AuxChannelController.swift */ = {isa = PBXFileReference; lastKnownFileType = sourcecode.swift; path = AuxChannelController.swift; sourceTree = "<group>"; };
		8490E8B2251BBDC000F471EE /* Rhythm.caf */ = {isa = PBXFileReference; lastKnownFileType = file; path = Rhythm.caf; sourceTree = "<group>"; };
		849C6B88251A653300164DE1 /* Demo.swift */ = {isa = PBXFileReference; lastKnownFileType = sourcecode.swift; path = Demo.swift; sourceTree = "<group>"; };
		849C6B8B251A66FF00164DE1 /* NotificationExtension.swift */ = {isa = PBXFileReference; lastKnownFileType = sourcecode.swift; path = NotificationExtension.swift; sourceTree = "<group>"; };
		849C6B8F251A712800164DE1 /* test.mid */ = {isa = PBXFileReference; lastKnownFileType = audio.midi; path = test.mid; sourceTree = "<group>"; };
		84A9CF1F250C25680065A7CC /* AudioUnitPassthrough.swift */ = {isa = PBXFileReference; lastKnownFileType = sourcecode.swift; name = AudioUnitPassthrough.swift; path = AudioUnit/AudioUnitPassthrough.swift; sourceTree = SOURCE_ROOT; };
		84A9CF22250D35F70065A7CC /* MasterChannelController.swift */ = {isa = PBXFileReference; lastKnownFileType = sourcecode.swift; path = MasterChannelController.swift; sourceTree = "<group>"; };
		84A9CF32250D4E5A0065A7CC /* InstrumentChannelController.swift */ = {isa = PBXFileReference; lastKnownFileType = sourcecode.swift; path = InstrumentChannelController.swift; sourceTree = "<group>"; };
		84A9CF57250D93D50065A7CC /* AudioNodeFactory.swift */ = {isa = PBXFileReference; lastKnownFileType = sourcecode.swift; path = AudioNodeFactory.swift; sourceTree = "<group>"; };
		84ACDFDD25166219003963FD /* PluginSelection.swift */ = {isa = PBXFileReference; lastKnownFileType = sourcecode.swift; path = PluginSelection.swift; sourceTree = "<group>"; };
		84ACE02525191008003963FD /* AudioFrameworkDemo.app */ = {isa = PBXFileReference; explicitFileType = wrapper.application; includeInIndex = 0; path = AudioFrameworkDemo.app; sourceTree = BUILT_PRODUCTS_DIR; };
		84ACE02725191008003963FD /* AppDelegate.swift */ = {isa = PBXFileReference; lastKnownFileType = sourcecode.swift; path = AppDelegate.swift; sourceTree = "<group>"; };
		84ACE02925191008003963FD /* ViewController.swift */ = {isa = PBXFileReference; lastKnownFileType = sourcecode.swift; path = ViewController.swift; sourceTree = "<group>"; };
		84ACE02C25191008003963FD /* AudioFrameworkDemo.xcdatamodel */ = {isa = PBXFileReference; lastKnownFileType = wrapper.xcdatamodel; path = AudioFrameworkDemo.xcdatamodel; sourceTree = "<group>"; };
		84ACE02E2519100B003963FD /* Assets.xcassets */ = {isa = PBXFileReference; lastKnownFileType = folder.assetcatalog; path = Assets.xcassets; sourceTree = "<group>"; };
		84ACE0312519100B003963FD /* Base */ = {isa = PBXFileReference; lastKnownFileType = file.storyboard; name = Base; path = Base.lproj/Main.storyboard; sourceTree = "<group>"; };
		84ACE0332519100B003963FD /* Info.plist */ = {isa = PBXFileReference; lastKnownFileType = text.plist.xml; path = Info.plist; sourceTree = "<group>"; };
		84ACE0342519100B003963FD /* AudioFrameworkDemo.entitlements */ = {isa = PBXFileReference; lastKnownFileType = text.plist.entitlements; path = AudioFrameworkDemo.entitlements; sourceTree = "<group>"; };
		84ACE0392519100B003963FD /* AudioFrameworkDemoTests.xctest */ = {isa = PBXFileReference; explicitFileType = wrapper.cfbundle; includeInIndex = 0; path = AudioFrameworkDemoTests.xctest; sourceTree = BUILT_PRODUCTS_DIR; };
		84ACE03D2519100B003963FD /* AudioFrameworkDemoTests.swift */ = {isa = PBXFileReference; lastKnownFileType = sourcecode.swift; path = AudioFrameworkDemoTests.swift; sourceTree = "<group>"; };
		84ACE03F2519100B003963FD /* Info.plist */ = {isa = PBXFileReference; lastKnownFileType = text.plist.xml; path = Info.plist; sourceTree = "<group>"; };
		84D0AB5A251EB8DF0093A081 /* StemCreatorModel.swift */ = {isa = PBXFileReference; lastKnownFileType = sourcecode.swift; path = StemCreatorModel.swift; sourceTree = "<group>"; };
		84D0AB5D251EB9210093A081 /* StemModel.swift */ = {isa = PBXFileReference; lastKnownFileType = sourcecode.swift; path = StemModel.swift; sourceTree = "<group>"; };
		84ECFA11251E632F007386D1 /* StemViewDelegate.swift */ = {isa = PBXFileReference; lastKnownFileType = sourcecode.swift; path = StemViewDelegate.swift; sourceTree = "<group>"; };
/* End PBXFileReference section */

/* Begin PBXFrameworksBuildPhase section */
		842369A524FEC2BC001266BE /* Frameworks */ = {
			isa = PBXFrameworksBuildPhase;
			buildActionMask = 2147483647;
			files = (
			);
			runOnlyForDeploymentPostprocessing = 0;
		};
		842369AE24FEC2BC001266BE /* Frameworks */ = {
			isa = PBXFrameworksBuildPhase;
			buildActionMask = 2147483647;
			files = (
				842369B224FEC2BC001266BE /* AudioFramework.framework in Frameworks */,
			);
			runOnlyForDeploymentPostprocessing = 0;
		};
		84ACE02225191008003963FD /* Frameworks */ = {
			isa = PBXFrameworksBuildPhase;
			buildActionMask = 2147483647;
			files = (
				84ACE047251910B4003963FD /* AudioFramework.framework in Frameworks */,
			);
			runOnlyForDeploymentPostprocessing = 0;
		};
		84ACE0362519100B003963FD /* Frameworks */ = {
			isa = PBXFrameworksBuildPhase;
			buildActionMask = 2147483647;
			files = (
			);
			runOnlyForDeploymentPostprocessing = 0;
		};
/* End PBXFrameworksBuildPhase section */

/* Begin PBXGroup section */
		84070C1724FF49BC00E572E7 /* Mixer */ = {
			isa = PBXGroup;
			children = (
				842369D224FEC44C001266BE /* AudioController.swift */,
				8487F51825111FC1003DC1D6 /* AuxChannelController.swift */,
				84070C5124FF5D5900E572E7 /* ChannelCollectionViewItem.swift */,
				84070C5424FF5D5900E572E7 /* ChannelCollectionViewItem.xib */,
				843FD47425068E9200189936 /* ChannelController.swift */,
				84070C5524FF5D5900E572E7 /* ChannelDelegates.swift */,
				8460307A250803FA00CB9844 /* ChannelPluginData.swift */,
				84070C5224FF5D5900E572E7 /* ChannelRouter.swift */,
				845958922513C03B0091A43E /* ChannelSettable.swift */,
				84A9CF32250D4E5A0065A7CC /* InstrumentChannelController.swift */,
				84A9CF22250D35F70065A7CC /* MasterChannelController.swift */,
				8479715524FFE66600AAC4A3 /* MixerFillView.swift */,
				84070C5624FF5D5900E572E7 /* MixerViewController.swift */,
				84ACDFDD25166219003963FD /* PluginSelection.swift */,
				8459589A251436F20091A43E /* SendData.swift */,
			);
			path = Mixer;
			sourceTree = SOURCE_ROOT;
		};
		841D0A7624FED209008F6305 /* AudioUtilities */ = {
			isa = PBXGroup;
			children = (
				8490E8B2251BBDC000F471EE /* Rhythm.caf */,
				841D0A7824FED209008F6305 /* AudioFileConverter.swift */,
				841D0A8524FED796008F6305 /* AudioControllerDelegate.swift */,
				84A9CF1F250C25680065A7CC /* AudioUnitPassthrough.swift */,
				84A9CF57250D93D50065A7CC /* AudioNodeFactory.swift */,
				841E57D2251C262F009B7E7C /* AudioExporter.swift */,
			);
			path = AudioUtilities;
			sourceTree = "<group>";
		};
		841E57F0251D8D01009B7E7C /* StemCreator */ = {
			isa = PBXGroup;
			children = (
				8429DB78251FF69D00ADE7B0 /* Deprecated */,
				8429DB94252017AD00ADE7B0 /* StemCreatorViewController2.xib */,
				841E57FB251D9D11009B7E7C /* StemCreatorViewController2.swift */,
				84D0AB5A251EB8DF0093A081 /* StemCreatorModel.swift */,
				84D0AB5D251EB9210093A081 /* StemModel.swift */,
				8429DB69251FB36600ADE7B0 /* StemCell.swift */,
				8429DB6E251FCEC700ADE7B0 /* StemCheckboxDelegate.swift */,
				8429DB64251FAA7600ADE7B0 /* StemRowView.swift */,
				84ECFA11251E632F007386D1 /* StemViewDelegate.swift */,
				8429DB7D2520011B00ADE7B0 /* StemCreator.swift */,
				8429DB822520012900ADE7B0 /* StemCreatorDelegate.swift */,
			);
			path = StemCreator;
			sourceTree = "<group>";
		};
		8423699E24FEC2BC001266BE = {
			isa = PBXGroup;
			children = (
				841E57F0251D8D01009B7E7C /* StemCreator */,
				841D0A7624FED209008F6305 /* AudioUtilities */,
				84070C1724FF49BC00E572E7 /* Mixer */,
				842369C224FEC44C001266BE /* AudioUnitInstrumentHost */,
				842369AA24FEC2BC001266BE /* AudioFramework */,
				842369B524FEC2BC001266BE /* AudioFrameworkTests */,
				84ACE02625191008003963FD /* AudioFrameworkDemo */,
				84ACE03C2519100B003963FD /* AudioFrameworkDemoTests */,
				842369A924FEC2BC001266BE /* Products */,
				84ACE046251910B4003963FD /* Frameworks */,
			);
			sourceTree = "<group>";
		};
		842369A924FEC2BC001266BE /* Products */ = {
			isa = PBXGroup;
			children = (
				842369A824FEC2BC001266BE /* AudioFramework.framework */,
				842369B124FEC2BC001266BE /* AudioFrameworkTests.xctest */,
				84ACE02525191008003963FD /* AudioFrameworkDemo.app */,
				84ACE0392519100B003963FD /* AudioFrameworkDemoTests.xctest */,
			);
			name = Products;
			sourceTree = "<group>";
		};
		842369AA24FEC2BC001266BE /* AudioFramework */ = {
			isa = PBXGroup;
			children = (
				842369AB24FEC2BC001266BE /* AudioFramework.h */,
				842369AC24FEC2BC001266BE /* Info.plist */,
			);
			path = AudioFramework;
			sourceTree = "<group>";
		};
		842369B524FEC2BC001266BE /* AudioFrameworkTests */ = {
			isa = PBXGroup;
			children = (
				842369B624FEC2BC001266BE /* AudioFrameworkTests.swift */,
				842369B824FEC2BC001266BE /* Info.plist */,
			);
			path = AudioFrameworkTests;
			sourceTree = "<group>";
		};
		842369C224FEC44C001266BE /* AudioUnitInstrumentHost */ = {
			isa = PBXGroup;
			children = (
				842369CA24FEC44C001266BE /* AudioComponentDescriptionExtension.swift */,
				842369CC24FEC44C001266BE /* Audio */,
				842369D324FEC44C001266BE /* Model */,
				842369D524FEC44C001266BE /* Utility */,
			);
			path = AudioUnitInstrumentHost;
			sourceTree = "<group>";
		};
		842369CC24FEC44C001266BE /* Audio */ = {
			isa = PBXGroup;
			children = (
				842369CE24FEC44C001266BE /* VirtualInstrumentHost.swift */,
				842369CF24FEC44C001266BE /* AudioUnit3Host.swift */,
			);
			path = Audio;
			sourceTree = "<group>";
		};
		842369D324FEC44C001266BE /* Model */ = {
			isa = PBXGroup;
			children = (
				842369D424FEC44C001266BE /* PluginData.swift */,
				843FD4812506A3B500189936 /* AudioModel.swift */,
			);
			path = Model;
			sourceTree = "<group>";
		};
		842369D524FEC44C001266BE /* Utility */ = {
			isa = PBXGroup;
			children = (
				842369D624FEC44C001266BE /* AUv2 */,
			);
			path = Utility;
			sourceTree = "<group>";
		};
		842369D624FEC44C001266BE /* AUv2 */ = {
			isa = PBXGroup;
			children = (
				842369DC24FEC44C001266BE /* AudioToolboxHelpers.h */,
				842369D824FEC44C001266BE /* AudioToolboxHelpers.m */,
				842369DA24FEC44C001266BE /* AudioUnitGraph.swift */,
				842369D724FEC44C001266BE /* AudioUnitInstance.swift */,
				842369DB24FEC44C001266BE /* AudioUnitInstrumentHost-Bridging-Header.h */,
				842369D924FEC44C001266BE /* NSError+OSStatus.swift */,
			);
			path = AUv2;
			sourceTree = "<group>";
		};
		8429DB78251FF69D00ADE7B0 /* Deprecated */ = {
			isa = PBXGroup;
			children = (
				843D4190251E741200E57CF5 /* StemRowTitle.swift */,
				843D4191251E741200E57CF5 /* StemRowTitle.xib */,
				843D41A0251E802300E57CF5 /* StemGridView.swift */,
				841E57F1251D8D27009B7E7C /* StemCreatorViewController.swift */,
				841E57F2251D8D27009B7E7C /* StemCreatorViewController.xib */,
				841E580F251E4E68009B7E7C /* StemViewController.swift */,
				841E5805251D9D91009B7E7C /* StemItem.swift */,
				841E5806251D9D91009B7E7C /* StemItem.xib */,
			);
			path = Deprecated;
			sourceTree = "<group>";
		};
		849C6B8E251A70FD00164DE1 /* Demo */ = {
			isa = PBXGroup;
			children = (
				849C6B8F251A712800164DE1 /* test.mid */,
				849C6B88251A653300164DE1 /* Demo.swift */,
				849C6B8B251A66FF00164DE1 /* NotificationExtension.swift */,
			);
			path = Demo;
			sourceTree = "<group>";
		};
		84ACE02625191008003963FD /* AudioFrameworkDemo */ = {
			isa = PBXGroup;
			children = (
				849C6B8E251A70FD00164DE1 /* Demo */,
				84ACE02725191008003963FD /* AppDelegate.swift */,
				84ACE02925191008003963FD /* ViewController.swift */,
				84ACE02E2519100B003963FD /* Assets.xcassets */,
				84ACE0302519100B003963FD /* Main.storyboard */,
				84ACE0332519100B003963FD /* Info.plist */,
				84ACE0342519100B003963FD /* AudioFrameworkDemo.entitlements */,
				84ACE02B25191008003963FD /* AudioFrameworkDemo.xcdatamodeld */,
			);
			path = AudioFrameworkDemo;
			sourceTree = "<group>";
		};
		84ACE03C2519100B003963FD /* AudioFrameworkDemoTests */ = {
			isa = PBXGroup;
			children = (
				84ACE03D2519100B003963FD /* AudioFrameworkDemoTests.swift */,
				84ACE03F2519100B003963FD /* Info.plist */,
			);
			path = AudioFrameworkDemoTests;
			sourceTree = "<group>";
		};
		84ACE046251910B4003963FD /* Frameworks */ = {
			isa = PBXGroup;
			children = (
			);
			name = Frameworks;
			sourceTree = "<group>";
		};
/* End PBXGroup section */

/* Begin PBXHeadersBuildPhase section */
		842369A324FEC2BC001266BE /* Headers */ = {
			isa = PBXHeadersBuildPhase;
			buildActionMask = 2147483647;
			files = (
				84236A0224FEC44C001266BE /* AudioToolboxHelpers.h in Headers */,
				842369B924FEC2BC001266BE /* AudioFramework.h in Headers */,
			);
			runOnlyForDeploymentPostprocessing = 0;
		};
/* End PBXHeadersBuildPhase section */

/* Begin PBXNativeTarget section */
		842369A724FEC2BC001266BE /* AudioFramework */ = {
			isa = PBXNativeTarget;
			buildConfigurationList = 842369BC24FEC2BC001266BE /* Build configuration list for PBXNativeTarget "AudioFramework" */;
			buildPhases = (
				842369A324FEC2BC001266BE /* Headers */,
				842369A424FEC2BC001266BE /* Sources */,
				842369A524FEC2BC001266BE /* Frameworks */,
				842369A624FEC2BC001266BE /* Resources */,
			);
			buildRules = (
			);
			dependencies = (
			);
			name = AudioFramework;
			productName = AudioFramework;
			productReference = 842369A824FEC2BC001266BE /* AudioFramework.framework */;
			productType = "com.apple.product-type.framework";
		};
		842369B024FEC2BC001266BE /* AudioFrameworkTests */ = {
			isa = PBXNativeTarget;
			buildConfigurationList = 842369BF24FEC2BC001266BE /* Build configuration list for PBXNativeTarget "AudioFrameworkTests" */;
			buildPhases = (
				842369AD24FEC2BC001266BE /* Sources */,
				842369AE24FEC2BC001266BE /* Frameworks */,
				842369AF24FEC2BC001266BE /* Resources */,
			);
			buildRules = (
			);
			dependencies = (
				842369B424FEC2BC001266BE /* PBXTargetDependency */,
			);
			name = AudioFrameworkTests;
			productName = AudioFrameworkTests;
			productReference = 842369B124FEC2BC001266BE /* AudioFrameworkTests.xctest */;
			productType = "com.apple.product-type.bundle.unit-test";
		};
		84ACE02425191008003963FD /* AudioFrameworkDemo */ = {
			isa = PBXNativeTarget;
			buildConfigurationList = 84ACE0402519100B003963FD /* Build configuration list for PBXNativeTarget "AudioFrameworkDemo" */;
			buildPhases = (
				84ACE02125191008003963FD /* Sources */,
				84ACE02225191008003963FD /* Frameworks */,
				84ACE02325191008003963FD /* Resources */,
				84ACE04B251910B5003963FD /* Embed Frameworks */,
			);
			buildRules = (
			);
			dependencies = (
				84ACE04A251910B4003963FD /* PBXTargetDependency */,
			);
			name = AudioFrameworkDemo;
			productName = AudioFrameworkDemo;
			productReference = 84ACE02525191008003963FD /* AudioFrameworkDemo.app */;
			productType = "com.apple.product-type.application";
		};
		84ACE0382519100B003963FD /* AudioFrameworkDemoTests */ = {
			isa = PBXNativeTarget;
			buildConfigurationList = 84ACE0432519100B003963FD /* Build configuration list for PBXNativeTarget "AudioFrameworkDemoTests" */;
			buildPhases = (
				84ACE0352519100B003963FD /* Sources */,
				84ACE0362519100B003963FD /* Frameworks */,
				84ACE0372519100B003963FD /* Resources */,
			);
			buildRules = (
			);
			dependencies = (
				84ACE03B2519100B003963FD /* PBXTargetDependency */,
			);
			name = AudioFrameworkDemoTests;
			productName = AudioFrameworkDemoTests;
			productReference = 84ACE0392519100B003963FD /* AudioFrameworkDemoTests.xctest */;
			productType = "com.apple.product-type.bundle.unit-test";
		};
/* End PBXNativeTarget section */

/* Begin PBXProject section */
		8423699F24FEC2BC001266BE /* Project object */ = {
			isa = PBXProject;
			attributes = {
				LastSwiftUpdateCheck = 1110;
				LastUpgradeCheck = 1110;
				ORGANIZATIONNAME = UltraMusician;
				TargetAttributes = {
					842369A724FEC2BC001266BE = {
						CreatedOnToolsVersion = 11.1;
					};
					842369B024FEC2BC001266BE = {
						CreatedOnToolsVersion = 11.1;
					};
					84ACE02425191008003963FD = {
						CreatedOnToolsVersion = 11.1;
					};
					84ACE0382519100B003963FD = {
						CreatedOnToolsVersion = 11.1;
						TestTargetID = 84ACE02425191008003963FD;
					};
				};
			};
			buildConfigurationList = 842369A224FEC2BC001266BE /* Build configuration list for PBXProject "AudioFramework" */;
			compatibilityVersion = "Xcode 9.3";
			developmentRegion = en;
			hasScannedForEncodings = 0;
			knownRegions = (
				en,
				Base,
			);
			mainGroup = 8423699E24FEC2BC001266BE;
			productRefGroup = 842369A924FEC2BC001266BE /* Products */;
			projectDirPath = "";
			projectRoot = "";
			targets = (
				842369A724FEC2BC001266BE /* AudioFramework */,
				842369B024FEC2BC001266BE /* AudioFrameworkTests */,
				84ACE02425191008003963FD /* AudioFrameworkDemo */,
				84ACE0382519100B003963FD /* AudioFrameworkDemoTests */,
			);
		};
/* End PBXProject section */

/* Begin PBXResourcesBuildPhase section */
		842369A624FEC2BC001266BE /* Resources */ = {
			isa = PBXResourcesBuildPhase;
			buildActionMask = 2147483647;
			files = (
				849C6B94251A9A6E00164DE1 /* test.mid in Resources */,
				8429DB95252017AD00ADE7B0 /* StemCreatorViewController2.xib in Resources */,
				84070C5C24FF5D5900E572E7 /* ChannelCollectionViewItem.xib in Resources */,
			);
			runOnlyForDeploymentPostprocessing = 0;
		};
		842369AF24FEC2BC001266BE /* Resources */ = {
			isa = PBXResourcesBuildPhase;
			buildActionMask = 2147483647;
			files = (
				84A9AFE025101ED500816F7F /* ChannelCollectionViewItem.xib in Resources */,
				8429DB96252017AD00ADE7B0 /* StemCreatorViewController2.xib in Resources */,
			);
			runOnlyForDeploymentPostprocessing = 0;
		};
		84ACE02325191008003963FD /* Resources */ = {
			isa = PBXResourcesBuildPhase;
			buildActionMask = 2147483647;
			files = (
				8429DB97252017AD00ADE7B0 /* StemCreatorViewController2.xib in Resources */,
				849C6B90251A712800164DE1 /* test.mid in Resources */,
				84ACE02F2519100B003963FD /* Assets.xcassets in Resources */,
				8490E8B3251BBDC000F471EE /* Rhythm.caf in Resources */,
				84ACE0322519100B003963FD /* Main.storyboard in Resources */,
			);
			runOnlyForDeploymentPostprocessing = 0;
		};
		84ACE0372519100B003963FD /* Resources */ = {
			isa = PBXResourcesBuildPhase;
			buildActionMask = 2147483647;
			files = (
				8490E8B4251BBDC000F471EE /* Rhythm.caf in Resources */,
				8429DB98252017AD00ADE7B0 /* StemCreatorViewController2.xib in Resources */,
				849C6B91251A712800164DE1 /* test.mid in Resources */,
			);
			runOnlyForDeploymentPostprocessing = 0;
		};
/* End PBXResourcesBuildPhase section */

/* Begin PBXSourcesBuildPhase section */
		842369A424FEC2BC001266BE /* Sources */ = {
			isa = PBXSourcesBuildPhase;
			buildActionMask = 2147483647;
			files = (
				8429DB6F251FCEC700ADE7B0 /* StemCheckboxDelegate.swift in Sources */,
				842369F524FEC44C001266BE /* AudioController.swift in Sources */,
				845958932513C03B0091A43E /* ChannelSettable.swift in Sources */,
				84A9CF58250D93D50065A7CC /* AudioNodeFactory.swift in Sources */,
				8429DB65251FAA7600ADE7B0 /* StemRowView.swift in Sources */,
				841E57D3251C262F009B7E7C /* AudioExporter.swift in Sources */,
				84ECFA12251E632F007386D1 /* StemViewDelegate.swift in Sources */,
				84070C5D24FF5D5900E572E7 /* ChannelDelegates.swift in Sources */,
				842369FD24FEC44C001266BE /* NSError+OSStatus.swift in Sources */,
				84D0AB5E251EB9210093A081 /* StemModel.swift in Sources */,
				8460307B250803FA00CB9844 /* ChannelPluginData.swift in Sources */,
				842369F724FEC44C001266BE /* PluginData.swift in Sources */,
				84A9CF33250D4E5A0065A7CC /* InstrumentChannelController.swift in Sources */,
				84070C5E24FF5D5900E572E7 /* MixerViewController.swift in Sources */,
				84A9CF23250D35F70065A7CC /* MasterChannelController.swift in Sources */,
				842369E924FEC44C001266BE /* AudioComponentDescriptionExtension.swift in Sources */,
				841D0A7A24FED209008F6305 /* AudioFileConverter.swift in Sources */,
				842369EF24FEC44C001266BE /* AudioUnit3Host.swift in Sources */,
				8429DB6A251FB36600ADE7B0 /* StemCell.swift in Sources */,
				842369ED24FEC44C001266BE /* VirtualInstrumentHost.swift in Sources */,
				84D0AB5B251EB8DF0093A081 /* StemCreatorModel.swift in Sources */,
				84070C5924FF5D5900E572E7 /* ChannelCollectionViewItem.swift in Sources */,
				842369FB24FEC44C001266BE /* AudioToolboxHelpers.m in Sources */,
				841D0A8624FED796008F6305 /* AudioControllerDelegate.swift in Sources */,
				842369F924FEC44C001266BE /* AudioUnitInstance.swift in Sources */,
				841E57FD251D9D11009B7E7C /* StemCreatorViewController2.swift in Sources */,
				84ACDFDE25166219003963FD /* PluginSelection.swift in Sources */,
				8429DB90252011EA00ADE7B0 /* StemCreator.swift in Sources */,
				84070C5A24FF5D5900E572E7 /* ChannelRouter.swift in Sources */,
				8479715624FFE66600AAC4A3 /* MixerFillView.swift in Sources */,
				843FD4822506A3B500189936 /* AudioModel.swift in Sources */,
				842369FF24FEC44C001266BE /* AudioUnitGraph.swift in Sources */,
				84A9CF20250C25680065A7CC /* AudioUnitPassthrough.swift in Sources */,
				8487F51925111FC1003DC1D6 /* AuxChannelController.swift in Sources */,
				843FD47525068E9200189936 /* ChannelController.swift in Sources */,
				8459589B251436F20091A43E /* SendData.swift in Sources */,
				8429DB832520012900ADE7B0 /* StemCreatorDelegate.swift in Sources */,
			);
			runOnlyForDeploymentPostprocessing = 0;
		};
		842369AD24FEC2BC001266BE /* Sources */ = {
			isa = PBXSourcesBuildPhase;
			buildActionMask = 2147483647;
			files = (
				842369F024FEC44C001266BE /* AudioUnit3Host.swift in Sources */,
				845958942513C03B0091A43E /* ChannelSettable.swift in Sources */,
				84A9AFEB25101ED500816F7F /* MixerViewController.swift in Sources */,
				8429DB91252011EC00ADE7B0 /* StemCreator.swift in Sources */,
				84A9AFE325101ED500816F7F /* MasterChannelController.swift in Sources */,
				842369EE24FEC44C001266BE /* VirtualInstrumentHost.swift in Sources */,
				84D0AB5F251EB9210093A081 /* StemModel.swift in Sources */,
				84A9AFE425101ED500816F7F /* ChannelPluginData.swift in Sources */,
				84236A0024FEC44C001266BE /* AudioUnitGraph.swift in Sources */,
				842369B724FEC2BC001266BE /* AudioFrameworkTests.swift in Sources */,
				841D0A7C24FED216008F6305 /* AudioFileConverter.swift in Sources */,
				843FD4832506A3B500189936 /* AudioModel.swift in Sources */,
				84A9AFE525101ED500816F7F /* ChannelRouter.swift in Sources */,
				8429DB70251FCEC700ADE7B0 /* StemCheckboxDelegate.swift in Sources */,
				8429DB6B251FB36600ADE7B0 /* StemCell.swift in Sources */,
				84A9AFED25101F1C00816F7F /* AudioToolboxHelpers.m in Sources */,
				8429DB66251FAA7600ADE7B0 /* StemRowView.swift in Sources */,
				842369F824FEC44C001266BE /* PluginData.swift in Sources */,
				84A9AFDF25101ED500816F7F /* ChannelCollectionViewItem.swift in Sources */,
				842369FE24FEC44C001266BE /* NSError+OSStatus.swift in Sources */,
				84A9AFE225101ED500816F7F /* InstrumentChannelController.swift in Sources */,
				84A9AFEC25101EDB00816F7F /* AudioControllerDelegate.swift in Sources */,
				84A9AFE925101ED500816F7F /* ChannelDelegates.swift in Sources */,
				8429DB842520012900ADE7B0 /* StemCreatorDelegate.swift in Sources */,
				84A9CF59250D93D50065A7CC /* AudioNodeFactory.swift in Sources */,
				84ACDFDF25166219003963FD /* PluginSelection.swift in Sources */,
				842369F624FEC44C001266BE /* AudioController.swift in Sources */,
				84A9CF21250C25680065A7CC /* AudioUnitPassthrough.swift in Sources */,
				841E57FE251D9D11009B7E7C /* StemCreatorViewController2.swift in Sources */,
				84ECFA13251E632F007386D1 /* StemViewDelegate.swift in Sources */,
				84A9AFEA25101ED500816F7F /* MixerFillView.swift in Sources */,
				842369FA24FEC44C001266BE /* AudioUnitInstance.swift in Sources */,
				842369EA24FEC44C001266BE /* AudioComponentDescriptionExtension.swift in Sources */,
				8487F51A25111FC1003DC1D6 /* AuxChannelController.swift in Sources */,
				841E57D4251C262F009B7E7C /* AudioExporter.swift in Sources */,
				84D0AB5C251EB8DF0093A081 /* StemCreatorModel.swift in Sources */,
				84A9AFE125101ED500816F7F /* ChannelController.swift in Sources */,
				8459589C251436F20091A43E /* SendData.swift in Sources */,
			);
			runOnlyForDeploymentPostprocessing = 0;
		};
		84ACE02125191008003963FD /* Sources */ = {
			isa = PBXSourcesBuildPhase;
			buildActionMask = 2147483647;
			files = (
				849C6B8C251A66FF00164DE1 /* NotificationExtension.swift in Sources */,
				84ACE02D25191008003963FD /* AudioFrameworkDemo.xcdatamodeld in Sources */,
				84D0AB6A251EDAD50093A081 /* AudioFileConverter.swift in Sources */,
				84ACE02A25191008003963FD /* ViewController.swift in Sources */,
				841E57D5251C262F009B7E7C /* AudioExporter.swift in Sources */,
				849C6B89251A653300164DE1 /* Demo.swift in Sources */,
				84ACE02825191008003963FD /* AppDelegate.swift in Sources */,
			);
			runOnlyForDeploymentPostprocessing = 0;
		};
		84ACE0352519100B003963FD /* Sources */ = {
			isa = PBXSourcesBuildPhase;
			buildActionMask = 2147483647;
			files = (
				843D4189251E661200E57CF5 /* AppDelegate.swift in Sources */,
				849C6B8D251A66FF00164DE1 /* NotificationExtension.swift in Sources */,
				841E57D6251C262F009B7E7C /* AudioExporter.swift in Sources */,
				849C6B8A251A653300164DE1 /* Demo.swift in Sources */,
				84D0AB6B251EDAD60093A081 /* AudioFileConverter.swift in Sources */,
				84ACE03E2519100B003963FD /* AudioFrameworkDemoTests.swift in Sources */,
			);
			runOnlyForDeploymentPostprocessing = 0;
		};
/* End PBXSourcesBuildPhase section */

/* Begin PBXTargetDependency section */
		842369B424FEC2BC001266BE /* PBXTargetDependency */ = {
			isa = PBXTargetDependency;
			target = 842369A724FEC2BC001266BE /* AudioFramework */;
			targetProxy = 842369B324FEC2BC001266BE /* PBXContainerItemProxy */;
		};
		84ACE03B2519100B003963FD /* PBXTargetDependency */ = {
			isa = PBXTargetDependency;
			target = 84ACE02425191008003963FD /* AudioFrameworkDemo */;
			targetProxy = 84ACE03A2519100B003963FD /* PBXContainerItemProxy */;
		};
		84ACE04A251910B4003963FD /* PBXTargetDependency */ = {
			isa = PBXTargetDependency;
			target = 842369A724FEC2BC001266BE /* AudioFramework */;
			targetProxy = 84ACE049251910B4003963FD /* PBXContainerItemProxy */;
		};
/* End PBXTargetDependency section */

/* Begin PBXVariantGroup section */
		84ACE0302519100B003963FD /* Main.storyboard */ = {
			isa = PBXVariantGroup;
			children = (
				84ACE0312519100B003963FD /* Base */,
			);
			name = Main.storyboard;
			sourceTree = "<group>";
		};
/* End PBXVariantGroup section */

/* Begin XCBuildConfiguration section */
		842369BA24FEC2BC001266BE /* Debug */ = {
			isa = XCBuildConfiguration;
			buildSettings = {
				ALWAYS_SEARCH_USER_PATHS = NO;
				CLANG_ANALYZER_NONNULL = YES;
				CLANG_ANALYZER_NUMBER_OBJECT_CONVERSION = YES_AGGRESSIVE;
				CLANG_CXX_LANGUAGE_STANDARD = "gnu++14";
				CLANG_CXX_LIBRARY = "libc++";
				CLANG_ENABLE_MODULES = YES;
				CLANG_ENABLE_OBJC_ARC = YES;
				CLANG_ENABLE_OBJC_WEAK = YES;
				CLANG_WARN_BLOCK_CAPTURE_AUTORELEASING = YES;
				CLANG_WARN_BOOL_CONVERSION = YES;
				CLANG_WARN_COMMA = YES;
				CLANG_WARN_CONSTANT_CONVERSION = YES;
				CLANG_WARN_DEPRECATED_OBJC_IMPLEMENTATIONS = YES;
				CLANG_WARN_DIRECT_OBJC_ISA_USAGE = YES_ERROR;
				CLANG_WARN_DOCUMENTATION_COMMENTS = YES;
				CLANG_WARN_EMPTY_BODY = YES;
				CLANG_WARN_ENUM_CONVERSION = YES;
				CLANG_WARN_INFINITE_RECURSION = YES;
				CLANG_WARN_INT_CONVERSION = YES;
				CLANG_WARN_NON_LITERAL_NULL_CONVERSION = YES;
				CLANG_WARN_OBJC_IMPLICIT_RETAIN_SELF = YES;
				CLANG_WARN_OBJC_LITERAL_CONVERSION = YES;
				CLANG_WARN_OBJC_ROOT_CLASS = YES_ERROR;
				CLANG_WARN_RANGE_LOOP_ANALYSIS = YES;
				CLANG_WARN_STRICT_PROTOTYPES = YES;
				CLANG_WARN_SUSPICIOUS_MOVE = YES;
				CLANG_WARN_UNGUARDED_AVAILABILITY = YES_AGGRESSIVE;
				CLANG_WARN_UNREACHABLE_CODE = YES;
				CLANG_WARN__DUPLICATE_METHOD_MATCH = YES;
				COPY_PHASE_STRIP = NO;
				CURRENT_PROJECT_VERSION = 1;
				DEBUG_INFORMATION_FORMAT = dwarf;
				ENABLE_STRICT_OBJC_MSGSEND = YES;
				ENABLE_TESTABILITY = YES;
				GCC_C_LANGUAGE_STANDARD = gnu11;
				GCC_DYNAMIC_NO_PIC = NO;
				GCC_NO_COMMON_BLOCKS = YES;
				GCC_OPTIMIZATION_LEVEL = 0;
				GCC_PREPROCESSOR_DEFINITIONS = (
					"DEBUG=1",
					"$(inherited)",
				);
				GCC_WARN_64_TO_32_BIT_CONVERSION = YES;
				GCC_WARN_ABOUT_RETURN_TYPE = YES_ERROR;
				GCC_WARN_UNDECLARED_SELECTOR = YES;
				GCC_WARN_UNINITIALIZED_AUTOS = YES_AGGRESSIVE;
				GCC_WARN_UNUSED_FUNCTION = YES;
				GCC_WARN_UNUSED_VARIABLE = YES;
				MACOSX_DEPLOYMENT_TARGET = 10.15;
				MTL_ENABLE_DEBUG_INFO = INCLUDE_SOURCE;
				MTL_FAST_MATH = YES;
				ONLY_ACTIVE_ARCH = YES;
				SDKROOT = macosx;
				SWIFT_ACTIVE_COMPILATION_CONDITIONS = DEBUG;
				SWIFT_OPTIMIZATION_LEVEL = "-Onone";
				VERSIONING_SYSTEM = "apple-generic";
				VERSION_INFO_PREFIX = "";
			};
			name = Debug;
		};
		842369BB24FEC2BC001266BE /* Release */ = {
			isa = XCBuildConfiguration;
			buildSettings = {
				ALWAYS_SEARCH_USER_PATHS = NO;
				CLANG_ANALYZER_NONNULL = YES;
				CLANG_ANALYZER_NUMBER_OBJECT_CONVERSION = YES_AGGRESSIVE;
				CLANG_CXX_LANGUAGE_STANDARD = "gnu++14";
				CLANG_CXX_LIBRARY = "libc++";
				CLANG_ENABLE_MODULES = YES;
				CLANG_ENABLE_OBJC_ARC = YES;
				CLANG_ENABLE_OBJC_WEAK = YES;
				CLANG_WARN_BLOCK_CAPTURE_AUTORELEASING = YES;
				CLANG_WARN_BOOL_CONVERSION = YES;
				CLANG_WARN_COMMA = YES;
				CLANG_WARN_CONSTANT_CONVERSION = YES;
				CLANG_WARN_DEPRECATED_OBJC_IMPLEMENTATIONS = YES;
				CLANG_WARN_DIRECT_OBJC_ISA_USAGE = YES_ERROR;
				CLANG_WARN_DOCUMENTATION_COMMENTS = YES;
				CLANG_WARN_EMPTY_BODY = YES;
				CLANG_WARN_ENUM_CONVERSION = YES;
				CLANG_WARN_INFINITE_RECURSION = YES;
				CLANG_WARN_INT_CONVERSION = YES;
				CLANG_WARN_NON_LITERAL_NULL_CONVERSION = YES;
				CLANG_WARN_OBJC_IMPLICIT_RETAIN_SELF = YES;
				CLANG_WARN_OBJC_LITERAL_CONVERSION = YES;
				CLANG_WARN_OBJC_ROOT_CLASS = YES_ERROR;
				CLANG_WARN_RANGE_LOOP_ANALYSIS = YES;
				CLANG_WARN_STRICT_PROTOTYPES = YES;
				CLANG_WARN_SUSPICIOUS_MOVE = YES;
				CLANG_WARN_UNGUARDED_AVAILABILITY = YES_AGGRESSIVE;
				CLANG_WARN_UNREACHABLE_CODE = YES;
				CLANG_WARN__DUPLICATE_METHOD_MATCH = YES;
				COPY_PHASE_STRIP = NO;
				CURRENT_PROJECT_VERSION = 1;
				DEBUG_INFORMATION_FORMAT = "dwarf-with-dsym";
				ENABLE_NS_ASSERTIONS = NO;
				ENABLE_STRICT_OBJC_MSGSEND = YES;
				GCC_C_LANGUAGE_STANDARD = gnu11;
				GCC_NO_COMMON_BLOCKS = YES;
				GCC_WARN_64_TO_32_BIT_CONVERSION = YES;
				GCC_WARN_ABOUT_RETURN_TYPE = YES_ERROR;
				GCC_WARN_UNDECLARED_SELECTOR = YES;
				GCC_WARN_UNINITIALIZED_AUTOS = YES_AGGRESSIVE;
				GCC_WARN_UNUSED_FUNCTION = YES;
				GCC_WARN_UNUSED_VARIABLE = YES;
				MACOSX_DEPLOYMENT_TARGET = 10.15;
				MTL_ENABLE_DEBUG_INFO = NO;
				MTL_FAST_MATH = YES;
				SDKROOT = macosx;
				SWIFT_COMPILATION_MODE = wholemodule;
				SWIFT_OPTIMIZATION_LEVEL = "-O";
				VERSIONING_SYSTEM = "apple-generic";
				VERSION_INFO_PREFIX = "";
			};
			name = Release;
		};
		842369BD24FEC2BC001266BE /* Debug */ = {
			isa = XCBuildConfiguration;
			buildSettings = {
				CLANG_ALLOW_NON_MODULAR_INCLUDES_IN_FRAMEWORK_MODULES = YES;
				CODE_SIGN_STYLE = Automatic;
				COMBINE_HIDPI_IMAGES = YES;
				DEFINES_MODULE = YES;
				DEVELOPMENT_TEAM = NL76446BRD;
				DYLIB_COMPATIBILITY_VERSION = 1;
				DYLIB_CURRENT_VERSION = 1;
				DYLIB_INSTALL_NAME_BASE = "@rpath";
				INFOPLIST_FILE = AudioFramework/Info.plist;
				INSTALL_PATH = "$(LOCAL_LIBRARY_DIR)/Frameworks";
				LD_RUNPATH_SEARCH_PATHS = (
					"$(inherited)",
					"@executable_path/../Frameworks",
					"@loader_path/Frameworks",
				);
				PRODUCT_BUNDLE_IDENTIFIER = UltraMusician.AudioFramework;
				PRODUCT_NAME = "$(TARGET_NAME:c99extidentifier)";
				SKIP_INSTALL = YES;
				SWIFT_OBJC_BRIDGING_HEADER = "";
				SWIFT_VERSION = 5.0;
			};
			name = Debug;
		};
		842369BE24FEC2BC001266BE /* Release */ = {
			isa = XCBuildConfiguration;
			buildSettings = {
				CLANG_ALLOW_NON_MODULAR_INCLUDES_IN_FRAMEWORK_MODULES = YES;
				CODE_SIGN_STYLE = Automatic;
				COMBINE_HIDPI_IMAGES = YES;
				DEFINES_MODULE = YES;
				DEVELOPMENT_TEAM = NL76446BRD;
				DYLIB_COMPATIBILITY_VERSION = 1;
				DYLIB_CURRENT_VERSION = 1;
				DYLIB_INSTALL_NAME_BASE = "@rpath";
				INFOPLIST_FILE = AudioFramework/Info.plist;
				INSTALL_PATH = "$(LOCAL_LIBRARY_DIR)/Frameworks";
				LD_RUNPATH_SEARCH_PATHS = (
					"$(inherited)",
					"@executable_path/../Frameworks",
					"@loader_path/Frameworks",
				);
				PRODUCT_BUNDLE_IDENTIFIER = UltraMusician.AudioFramework;
				PRODUCT_NAME = "$(TARGET_NAME:c99extidentifier)";
				SKIP_INSTALL = YES;
				SWIFT_OBJC_BRIDGING_HEADER = "";
				SWIFT_VERSION = 5.0;
			};
			name = Release;
		};
		842369C024FEC2BC001266BE /* Debug */ = {
			isa = XCBuildConfiguration;
			buildSettings = {
				ALWAYS_EMBED_SWIFT_STANDARD_LIBRARIES = YES;
				CODE_SIGN_STYLE = Automatic;
				COMBINE_HIDPI_IMAGES = YES;
				DEVELOPMENT_TEAM = NL76446BRD;
				INFOPLIST_FILE = AudioFrameworkTests/Info.plist;
				LD_RUNPATH_SEARCH_PATHS = (
					"$(inherited)",
					"@executable_path/../Frameworks",
					"@loader_path/../Frameworks",
				);
				PRODUCT_BUNDLE_IDENTIFIER = UltraMusician.AudioFrameworkTests;
				PRODUCT_NAME = "$(TARGET_NAME)";
				SWIFT_VERSION = 5.0;
			};
			name = Debug;
		};
		842369C124FEC2BC001266BE /* Release */ = {
			isa = XCBuildConfiguration;
			buildSettings = {
				ALWAYS_EMBED_SWIFT_STANDARD_LIBRARIES = YES;
				CODE_SIGN_STYLE = Automatic;
				COMBINE_HIDPI_IMAGES = YES;
				DEVELOPMENT_TEAM = NL76446BRD;
				INFOPLIST_FILE = AudioFrameworkTests/Info.plist;
				LD_RUNPATH_SEARCH_PATHS = (
					"$(inherited)",
					"@executable_path/../Frameworks",
					"@loader_path/../Frameworks",
				);
				PRODUCT_BUNDLE_IDENTIFIER = UltraMusician.AudioFrameworkTests;
				PRODUCT_NAME = "$(TARGET_NAME)";
				SWIFT_VERSION = 5.0;
			};
			name = Release;
		};
		84ACE0412519100B003963FD /* Debug */ = {
			isa = XCBuildConfiguration;
			buildSettings = {
				ASSETCATALOG_COMPILER_APPICON_NAME = AppIcon;
				CODE_SIGN_ENTITLEMENTS = AudioFrameworkDemo/AudioFrameworkDemo.entitlements;
				CODE_SIGN_IDENTITY = "Apple Development";
				CODE_SIGN_STYLE = Automatic;
				COMBINE_HIDPI_IMAGES = YES;
				DEVELOPMENT_TEAM = NL76446BRD;
				ENABLE_HARDENED_RUNTIME = YES;
				INFOPLIST_FILE = AudioFrameworkDemo/Info.plist;
				LD_RUNPATH_SEARCH_PATHS = (
					"$(inherited)",
					"@executable_path/../Frameworks",
				);
				PRODUCT_BUNDLE_IDENTIFIER = UltraMusician.AudioFrameworkDemo;
				PRODUCT_NAME = "$(TARGET_NAME)";
				SWIFT_VERSION = 5.0;
			};
			name = Debug;
		};
		84ACE0422519100B003963FD /* Release */ = {
			isa = XCBuildConfiguration;
			buildSettings = {
				ASSETCATALOG_COMPILER_APPICON_NAME = AppIcon;
				CODE_SIGN_ENTITLEMENTS = AudioFrameworkDemo/AudioFrameworkDemo.entitlements;
				CODE_SIGN_IDENTITY = "Apple Development";
				CODE_SIGN_STYLE = Automatic;
				COMBINE_HIDPI_IMAGES = YES;
				DEVELOPMENT_TEAM = NL76446BRD;
				ENABLE_HARDENED_RUNTIME = YES;
				INFOPLIST_FILE = AudioFrameworkDemo/Info.plist;
				LD_RUNPATH_SEARCH_PATHS = (
					"$(inherited)",
					"@executable_path/../Frameworks",
				);
				PRODUCT_BUNDLE_IDENTIFIER = UltraMusician.AudioFrameworkDemo;
				PRODUCT_NAME = "$(TARGET_NAME)";
				SWIFT_VERSION = 5.0;
			};
			name = Release;
		};
		84ACE0442519100B003963FD /* Debug */ = {
			isa = XCBuildConfiguration;
			buildSettings = {
				ALWAYS_EMBED_SWIFT_STANDARD_LIBRARIES = YES;
				BUNDLE_LOADER = "$(TEST_HOST)";
				CODE_SIGN_STYLE = Automatic;
				COMBINE_HIDPI_IMAGES = YES;
				DEVELOPMENT_TEAM = NL76446BRD;
				INFOPLIST_FILE = AudioFrameworkDemoTests/Info.plist;
				LD_RUNPATH_SEARCH_PATHS = (
					"$(inherited)",
					"@executable_path/../Frameworks",
					"@loader_path/../Frameworks",
				);
				MACOSX_DEPLOYMENT_TARGET = 10.15;
				PRODUCT_BUNDLE_IDENTIFIER = UltraMusician.AudioFrameworkDemoTests;
				PRODUCT_NAME = "$(TARGET_NAME)";
				SWIFT_VERSION = 5.0;
				TEST_HOST = "$(BUILT_PRODUCTS_DIR)/AudioFrameworkDemo.app/Contents/MacOS/AudioFrameworkDemo";
			};
			name = Debug;
		};
		84ACE0452519100B003963FD /* Release */ = {
			isa = XCBuildConfiguration;
			buildSettings = {
				ALWAYS_EMBED_SWIFT_STANDARD_LIBRARIES = YES;
				BUNDLE_LOADER = "$(TEST_HOST)";
				CODE_SIGN_STYLE = Automatic;
				COMBINE_HIDPI_IMAGES = YES;
				DEVELOPMENT_TEAM = NL76446BRD;
				INFOPLIST_FILE = AudioFrameworkDemoTests/Info.plist;
				LD_RUNPATH_SEARCH_PATHS = (
					"$(inherited)",
					"@executable_path/../Frameworks",
					"@loader_path/../Frameworks",
				);
				MACOSX_DEPLOYMENT_TARGET = 10.15;
				PRODUCT_BUNDLE_IDENTIFIER = UltraMusician.AudioFrameworkDemoTests;
				PRODUCT_NAME = "$(TARGET_NAME)";
				SWIFT_VERSION = 5.0;
				TEST_HOST = "$(BUILT_PRODUCTS_DIR)/AudioFrameworkDemo.app/Contents/MacOS/AudioFrameworkDemo";
			};
			name = Release;
		};
/* End XCBuildConfiguration section */

/* Begin XCConfigurationList section */
		842369A224FEC2BC001266BE /* Build configuration list for PBXProject "AudioFramework" */ = {
			isa = XCConfigurationList;
			buildConfigurations = (
				842369BA24FEC2BC001266BE /* Debug */,
				842369BB24FEC2BC001266BE /* Release */,
			);
			defaultConfigurationIsVisible = 0;
			defaultConfigurationName = Release;
		};
		842369BC24FEC2BC001266BE /* Build configuration list for PBXNativeTarget "AudioFramework" */ = {
			isa = XCConfigurationList;
			buildConfigurations = (
				842369BD24FEC2BC001266BE /* Debug */,
				842369BE24FEC2BC001266BE /* Release */,
			);
			defaultConfigurationIsVisible = 0;
			defaultConfigurationName = Release;
		};
		842369BF24FEC2BC001266BE /* Build configuration list for PBXNativeTarget "AudioFrameworkTests" */ = {
			isa = XCConfigurationList;
			buildConfigurations = (
				842369C024FEC2BC001266BE /* Debug */,
				842369C124FEC2BC001266BE /* Release */,
			);
			defaultConfigurationIsVisible = 0;
			defaultConfigurationName = Release;
		};
		84ACE0402519100B003963FD /* Build configuration list for PBXNativeTarget "AudioFrameworkDemo" */ = {
			isa = XCConfigurationList;
			buildConfigurations = (
				84ACE0412519100B003963FD /* Debug */,
				84ACE0422519100B003963FD /* Release */,
			);
			defaultConfigurationIsVisible = 0;
			defaultConfigurationName = Release;
		};
		84ACE0432519100B003963FD /* Build configuration list for PBXNativeTarget "AudioFrameworkDemoTests" */ = {
			isa = XCConfigurationList;
			buildConfigurations = (
				84ACE0442519100B003963FD /* Debug */,
				84ACE0452519100B003963FD /* Release */,
			);
			defaultConfigurationIsVisible = 0;
			defaultConfigurationName = Release;
		};
/* End XCConfigurationList section */

/* Begin XCVersionGroup section */
		84ACE02B25191008003963FD /* AudioFrameworkDemo.xcdatamodeld */ = {
			isa = XCVersionGroup;
			children = (
				84ACE02C25191008003963FD /* AudioFrameworkDemo.xcdatamodel */,
			);
			currentVersion = 84ACE02C25191008003963FD /* AudioFrameworkDemo.xcdatamodel */;
			path = AudioFrameworkDemo.xcdatamodeld;
			sourceTree = "<group>";
			versionGroupType = wrapper.xcdatamodel;
		};
/* End XCVersionGroup section */
	};
	rootObject = 8423699F24FEC2BC001266BE /* Project object */;
}
